{
  "version": 4,
  "terraform_version": "1.3.3",
  "serial": 69,
  "lineage": "34b85a2b-c623-23e5-74a3-8fa2cdd3a894",
  "outputs": {
    "gcs_bucket_tfstate": {
      "value": "bkt-b-tfstate-8a99",
      "type": "string"
    },
    "seed_project_id": {
      "value": "prj-b-seed-6a42",
      "type": "string"
    },
    "terraform_sa_name": {
      "value": "projects/prj-b-seed-6a42/serviceAccounts/org-terraform@prj-b-seed-6a42.iam.gserviceaccount.com",
      "type": "string"
    },
    "terraform_service_account": {
      "value": "org-terraform@prj-b-seed-6a42.iam.gserviceaccount.com",
      "type": "string"
    }
  },
  "resources": [
    {
      "mode": "managed",
      "type": "google_billing_account_iam_member",
      "name": "tf_billing_admin",
      "provider": "provider[\"registry.terraform.io/hashicorp/google\"]",
      "instances": [
        {
          "schema_version": 0,
          "attributes": {
            "billing_account_id": "01A249-F32C36-5D52F9",
            "condition": [],
            "etag": "BwXsZoJCIuY=",
            "id": "01A249-F32C36-5D52F9/roles/billing.admin/serviceAccount:org-terraform@prj-b-seed-6a42.iam.gserviceaccount.com",
            "member": "serviceAccount:org-terraform@prj-b-seed-6a42.iam.gserviceaccount.com",
            "role": "roles/billing.admin"
          },
          "sensitive_attributes": [],
          "private": "bnVsbA==",
          "dependencies": [
            "google_folder.bootstrap",
            "module.seed_bootstrap.google_billing_account_iam_member.tf_billing_user",
            "module.seed_bootstrap.google_folder_iam_member.org_admin_service_account_user",
            "module.seed_bootstrap.google_folder_iam_member.org_admin_serviceusage_consumer",
            "module.seed_bootstrap.google_folder_iam_member.tmp_project_creator",
            "module.seed_bootstrap.google_organization_iam_member.org_admin_serviceusage_consumer",
            "module.seed_bootstrap.google_organization_iam_member.tf_sa_org_perms",
            "module.seed_bootstrap.google_organization_iam_member.tmp_project_creator",
            "module.seed_bootstrap.google_service_account.org_terraform",
            "module.seed_bootstrap.google_service_account_iam_member.org_admin_sa_impersonate_permissions",
            "module.seed_bootstrap.google_service_account_iam_member.org_admin_sa_user",
            "module.seed_bootstrap.google_storage_bucket.org_terraform_state",
            "module.seed_bootstrap.google_storage_bucket_iam_member.org_terraform_state_iam",
            "module.seed_bootstrap.google_storage_bucket_iam_member.orgadmins_state_iam",
            "module.seed_bootstrap.module.kms.google_kms_crypto_key.key",
            "module.seed_bootstrap.module.kms.google_kms_crypto_key.key_ephemeral",
            "module.seed_bootstrap.module.kms.google_kms_crypto_key_iam_binding.decrypters",
            "module.seed_bootstrap.module.kms.google_kms_crypto_key_iam_binding.encrypters",
            "module.seed_bootstrap.module.kms.google_kms_crypto_key_iam_binding.owners",
            "module.seed_bootstrap.module.seed_project.module.project-factory.google_compute_shared_vpc_host_project.shared_vpc_host",
            "module.seed_bootstrap.module.seed_project.module.project-factory.google_compute_shared_vpc_service_project.shared_vpc_attachment",
            "module.seed_bootstrap.module.seed_project.module.project-factory.google_project.main",
            "module.seed_bootstrap.module.seed_project.module.project-factory.module.project_services.data.google_compute_default_service_account.default",
            "module.seed_bootstrap.module.seed_project.module.project-factory.module.project_services.google_project_iam_member.project_service_identity_roles",
            "module.seed_bootstrap.module.seed_project.module.project-factory.module.project_services.google_project_service.project_services",
            "module.seed_bootstrap.module.seed_project.module.project-factory.module.project_services.google_project_service_identity.project_service_identities",
            "module.seed_bootstrap.module.seed_project.module.project-factory.random_id.random_project_id_suffix",
            "module.seed_bootstrap.random_id.suffix"
          ]
        }
      ]
    },
    {
      "mode": "managed",
      "type": "google_folder",
      "name": "bootstrap",
      "provider": "provider[\"registry.terraform.io/hashicorp/google\"]",
      "instances": [
        {
          "schema_version": 0,
          "attributes": {
            "create_time": "2022-11-01T10:44:53.505Z",
            "display_name": "fldr-bootstrap",
            "folder_id": "742403897167",
            "id": "folders/742403897167",
            "lifecycle_state": "ACTIVE",
            "name": "folders/742403897167",
            "parent": "organizations/869699134600",
            "timeouts": null
          },
          "sensitive_attributes": [],
          "private": "eyJlMmJmYjczMC1lY2FhLTExZTYtOGY4OC0zNDM2M2JjN2M0YzAiOnsiY3JlYXRlIjoyNDAwMDAwMDAwMDAsImRlbGV0ZSI6MjQwMDAwMDAwMDAwLCJyZWFkIjoyNDAwMDAwMDAwMDAsInVwZGF0ZSI6MjQwMDAwMDAwMDAwfX0="
        }
      ]
    },
    {
      "mode": "managed",
      "type": "google_project_service",
      "name": "gcp_services",
      "provider": "provider[\"registry.terraform.io/hashicorp/google\"]",
      "instances": [
        {
          "index_key": "admin.googleapis.com",
          "schema_version": 0,
          "attributes": {
            "disable_dependent_services": false,
            "disable_on_destroy": true,
            "id": "prj-b-seed-6a42/admin.googleapis.com",
            "project": "prj-b-seed-6a42",
            "service": "admin.googleapis.com",
            "timeouts": null
          },
          "sensitive_attributes": [],
          "private": "eyJlMmJmYjczMC1lY2FhLTExZTYtOGY4OC0zNDM2M2JjN2M0YzAiOnsiY3JlYXRlIjoxMjAwMDAwMDAwMDAwLCJkZWxldGUiOjEyMDAwMDAwMDAwMDAsInJlYWQiOjYwMDAwMDAwMDAwMCwidXBkYXRlIjoxMjAwMDAwMDAwMDAwfX0=",
          "dependencies": [
            "google_folder.bootstrap",
            "module.seed_bootstrap.google_folder_iam_member.tmp_project_creator",
            "module.seed_bootstrap.google_organization_iam_member.tmp_project_creator",
            "module.seed_bootstrap.module.seed_project.module.project-factory.google_compute_shared_vpc_host_project.shared_vpc_host",
            "module.seed_bootstrap.module.seed_project.module.project-factory.google_compute_shared_vpc_service_project.shared_vpc_attachment",
            "module.seed_bootstrap.module.seed_project.module.project-factory.google_project.main",
            "module.seed_bootstrap.module.seed_project.module.project-factory.module.project_services.data.google_compute_default_service_account.default",
            "module.seed_bootstrap.module.seed_project.module.project-factory.module.project_services.google_project_iam_member.project_service_identity_roles",
            "module.seed_bootstrap.module.seed_project.module.project-factory.module.project_services.google_project_service.project_services",
            "module.seed_bootstrap.module.seed_project.module.project-factory.module.project_services.google_project_service_identity.project_service_identities",
            "module.seed_bootstrap.module.seed_project.module.project-factory.random_id.random_project_id_suffix"
          ]
        },
        {
          "index_key": "appengine.googleapis.com",
          "schema_version": 0,
          "attributes": {
            "disable_dependent_services": false,
            "disable_on_destroy": true,
            "id": "prj-b-seed-6a42/appengine.googleapis.com",
            "project": "prj-b-seed-6a42",
            "service": "appengine.googleapis.com",
            "timeouts": null
          },
          "sensitive_attributes": [],
          "private": "eyJlMmJmYjczMC1lY2FhLTExZTYtOGY4OC0zNDM2M2JjN2M0YzAiOnsiY3JlYXRlIjoxMjAwMDAwMDAwMDAwLCJkZWxldGUiOjEyMDAwMDAwMDAwMDAsInJlYWQiOjYwMDAwMDAwMDAwMCwidXBkYXRlIjoxMjAwMDAwMDAwMDAwfX0=",
          "dependencies": [
            "google_folder.bootstrap",
            "module.seed_bootstrap.google_folder_iam_member.tmp_project_creator",
            "module.seed_bootstrap.google_organization_iam_member.tmp_project_creator",
            "module.seed_bootstrap.module.seed_project.module.project-factory.google_compute_shared_vpc_host_project.shared_vpc_host",
            "module.seed_bootstrap.module.seed_project.module.project-factory.google_compute_shared_vpc_service_project.shared_vpc_attachment",
            "module.seed_bootstrap.module.seed_project.module.project-factory.google_project.main",
            "module.seed_bootstrap.module.seed_project.module.project-factory.module.project_services.data.google_compute_default_service_account.default",
            "module.seed_bootstrap.module.seed_project.module.project-factory.module.project_services.google_project_iam_member.project_service_identity_roles",
            "module.seed_bootstrap.module.seed_project.module.project-factory.module.project_services.google_project_service.project_services",
            "module.seed_bootstrap.module.seed_project.module.project-factory.module.project_services.google_project_service_identity.project_service_identities",
            "module.seed_bootstrap.module.seed_project.module.project-factory.random_id.random_project_id_suffix"
          ]
        },
        {
          "index_key": "bigquery.googleapis.com",
          "schema_version": 0,
          "attributes": {
            "disable_dependent_services": false,
            "disable_on_destroy": true,
            "id": "prj-b-seed-6a42/bigquery.googleapis.com",
            "project": "prj-b-seed-6a42",
            "service": "bigquery.googleapis.com",
            "timeouts": null
          },
          "sensitive_attributes": [],
          "private": "eyJlMmJmYjczMC1lY2FhLTExZTYtOGY4OC0zNDM2M2JjN2M0YzAiOnsiY3JlYXRlIjoxMjAwMDAwMDAwMDAwLCJkZWxldGUiOjEyMDAwMDAwMDAwMDAsInJlYWQiOjYwMDAwMDAwMDAwMCwidXBkYXRlIjoxMjAwMDAwMDAwMDAwfX0=",
          "dependencies": [
            "google_folder.bootstrap",
            "module.seed_bootstrap.google_folder_iam_member.tmp_project_creator",
            "module.seed_bootstrap.google_organization_iam_member.tmp_project_creator",
            "module.seed_bootstrap.module.seed_project.module.project-factory.google_compute_shared_vpc_host_project.shared_vpc_host",
            "module.seed_bootstrap.module.seed_project.module.project-factory.google_compute_shared_vpc_service_project.shared_vpc_attachment",
            "module.seed_bootstrap.module.seed_project.module.project-factory.google_project.main",
            "module.seed_bootstrap.module.seed_project.module.project-factory.module.project_services.data.google_compute_default_service_account.default",
            "module.seed_bootstrap.module.seed_project.module.project-factory.module.project_services.google_project_iam_member.project_service_identity_roles",
            "module.seed_bootstrap.module.seed_project.module.project-factory.module.project_services.google_project_service.project_services",
            "module.seed_bootstrap.module.seed_project.module.project-factory.module.project_services.google_project_service_identity.project_service_identities",
            "module.seed_bootstrap.module.seed_project.module.project-factory.random_id.random_project_id_suffix"
          ]
        },
        {
          "index_key": "cloudbilling.googleapis.com",
          "schema_version": 0,
          "attributes": {
            "disable_dependent_services": false,
            "disable_on_destroy": true,
            "id": "prj-b-seed-6a42/cloudbilling.googleapis.com",
            "project": "prj-b-seed-6a42",
            "service": "cloudbilling.googleapis.com",
            "timeouts": null
          },
          "sensitive_attributes": [],
          "private": "eyJlMmJmYjczMC1lY2FhLTExZTYtOGY4OC0zNDM2M2JjN2M0YzAiOnsiY3JlYXRlIjoxMjAwMDAwMDAwMDAwLCJkZWxldGUiOjEyMDAwMDAwMDAwMDAsInJlYWQiOjYwMDAwMDAwMDAwMCwidXBkYXRlIjoxMjAwMDAwMDAwMDAwfX0=",
          "dependencies": [
            "google_folder.bootstrap",
            "module.seed_bootstrap.google_folder_iam_member.tmp_project_creator",
            "module.seed_bootstrap.google_organization_iam_member.tmp_project_creator",
            "module.seed_bootstrap.module.seed_project.module.project-factory.google_compute_shared_vpc_host_project.shared_vpc_host",
            "module.seed_bootstrap.module.seed_project.module.project-factory.google_compute_shared_vpc_service_project.shared_vpc_attachment",
            "module.seed_bootstrap.module.seed_project.module.project-factory.google_project.main",
            "module.seed_bootstrap.module.seed_project.module.project-factory.module.project_services.data.google_compute_default_service_account.default",
            "module.seed_bootstrap.module.seed_project.module.project-factory.module.project_services.google_project_iam_member.project_service_identity_roles",
            "module.seed_bootstrap.module.seed_project.module.project-factory.module.project_services.google_project_service.project_services",
            "module.seed_bootstrap.module.seed_project.module.project-factory.module.project_services.google_project_service_identity.project_service_identities",
            "module.seed_bootstrap.module.seed_project.module.project-factory.random_id.random_project_id_suffix"
          ]
        },
        {
          "index_key": "cloudresourcemanager.googleapis.com",
          "schema_version": 0,
          "attributes": {
            "disable_dependent_services": false,
            "disable_on_destroy": true,
            "id": "prj-b-seed-6a42/cloudresourcemanager.googleapis.com",
            "project": "prj-b-seed-6a42",
            "service": "cloudresourcemanager.googleapis.com",
            "timeouts": null
          },
          "sensitive_attributes": [],
          "private": "eyJlMmJmYjczMC1lY2FhLTExZTYtOGY4OC0zNDM2M2JjN2M0YzAiOnsiY3JlYXRlIjoxMjAwMDAwMDAwMDAwLCJkZWxldGUiOjEyMDAwMDAwMDAwMDAsInJlYWQiOjYwMDAwMDAwMDAwMCwidXBkYXRlIjoxMjAwMDAwMDAwMDAwfX0=",
          "dependencies": [
            "google_folder.bootstrap",
            "module.seed_bootstrap.google_folder_iam_member.tmp_project_creator",
            "module.seed_bootstrap.google_organization_iam_member.tmp_project_creator",
            "module.seed_bootstrap.module.seed_project.module.project-factory.google_compute_shared_vpc_host_project.shared_vpc_host",
            "module.seed_bootstrap.module.seed_project.module.project-factory.google_compute_shared_vpc_service_project.shared_vpc_attachment",
            "module.seed_bootstrap.module.seed_project.module.project-factory.google_project.main",
            "module.seed_bootstrap.module.seed_project.module.project-factory.module.project_services.data.google_compute_default_service_account.default",
            "module.seed_bootstrap.module.seed_project.module.project-factory.module.project_services.google_project_iam_member.project_service_identity_roles",
            "module.seed_bootstrap.module.seed_project.module.project-factory.module.project_services.google_project_service.project_services",
            "module.seed_bootstrap.module.seed_project.module.project-factory.module.project_services.google_project_service_identity.project_service_identities",
            "module.seed_bootstrap.module.seed_project.module.project-factory.random_id.random_project_id_suffix"
          ]
        },
        {
          "index_key": "compute.googleapis.com",
          "schema_version": 0,
          "attributes": {
            "disable_dependent_services": false,
            "disable_on_destroy": true,
            "id": "prj-b-seed-6a42/compute.googleapis.com",
            "project": "prj-b-seed-6a42",
            "service": "compute.googleapis.com",
            "timeouts": null
          },
          "sensitive_attributes": [],
          "private": "eyJlMmJmYjczMC1lY2FhLTExZTYtOGY4OC0zNDM2M2JjN2M0YzAiOnsiY3JlYXRlIjoxMjAwMDAwMDAwMDAwLCJkZWxldGUiOjEyMDAwMDAwMDAwMDAsInJlYWQiOjYwMDAwMDAwMDAwMCwidXBkYXRlIjoxMjAwMDAwMDAwMDAwfX0=",
          "dependencies": [
            "google_folder.bootstrap",
            "module.seed_bootstrap.google_folder_iam_member.tmp_project_creator",
            "module.seed_bootstrap.google_organization_iam_member.tmp_project_creator",
            "module.seed_bootstrap.module.seed_project.module.project-factory.google_compute_shared_vpc_host_project.shared_vpc_host",
            "module.seed_bootstrap.module.seed_project.module.project-factory.google_compute_shared_vpc_service_project.shared_vpc_attachment",
            "module.seed_bootstrap.module.seed_project.module.project-factory.google_project.main",
            "module.seed_bootstrap.module.seed_project.module.project-factory.module.project_services.data.google_compute_default_service_account.default",
            "module.seed_bootstrap.module.seed_project.module.project-factory.module.project_services.google_project_iam_member.project_service_identity_roles",
            "module.seed_bootstrap.module.seed_project.module.project-factory.module.project_services.google_project_service.project_services",
            "module.seed_bootstrap.module.seed_project.module.project-factory.module.project_services.google_project_service_identity.project_service_identities",
            "module.seed_bootstrap.module.seed_project.module.project-factory.random_id.random_project_id_suffix"
          ]
        },
        {
          "index_key": "iam.googleapis.com",
          "schema_version": 0,
          "attributes": {
            "disable_dependent_services": false,
            "disable_on_destroy": true,
            "id": "prj-b-seed-6a42/iam.googleapis.com",
            "project": "prj-b-seed-6a42",
            "service": "iam.googleapis.com",
            "timeouts": null
          },
          "sensitive_attributes": [],
          "private": "eyJlMmJmYjczMC1lY2FhLTExZTYtOGY4OC0zNDM2M2JjN2M0YzAiOnsiY3JlYXRlIjoxMjAwMDAwMDAwMDAwLCJkZWxldGUiOjEyMDAwMDAwMDAwMDAsInJlYWQiOjYwMDAwMDAwMDAwMCwidXBkYXRlIjoxMjAwMDAwMDAwMDAwfX0=",
          "dependencies": [
            "google_folder.bootstrap",
            "module.seed_bootstrap.google_folder_iam_member.tmp_project_creator",
            "module.seed_bootstrap.google_organization_iam_member.tmp_project_creator",
            "module.seed_bootstrap.module.seed_project.module.project-factory.google_compute_shared_vpc_host_project.shared_vpc_host",
            "module.seed_bootstrap.module.seed_project.module.project-factory.google_compute_shared_vpc_service_project.shared_vpc_attachment",
            "module.seed_bootstrap.module.seed_project.module.project-factory.google_project.main",
            "module.seed_bootstrap.module.seed_project.module.project-factory.module.project_services.data.google_compute_default_service_account.default",
            "module.seed_bootstrap.module.seed_project.module.project-factory.module.project_services.google_project_iam_member.project_service_identity_roles",
            "module.seed_bootstrap.module.seed_project.module.project-factory.module.project_services.google_project_service.project_services",
            "module.seed_bootstrap.module.seed_project.module.project-factory.module.project_services.google_project_service_identity.project_service_identities",
            "module.seed_bootstrap.module.seed_project.module.project-factory.random_id.random_project_id_suffix"
          ]
        },
        {
          "index_key": "logging.googleapis.com",
          "schema_version": 0,
          "attributes": {
            "disable_dependent_services": false,
            "disable_on_destroy": true,
            "id": "prj-b-seed-6a42/logging.googleapis.com",
            "project": "prj-b-seed-6a42",
            "service": "logging.googleapis.com",
            "timeouts": null
          },
          "sensitive_attributes": [],
          "private": "eyJlMmJmYjczMC1lY2FhLTExZTYtOGY4OC0zNDM2M2JjN2M0YzAiOnsiY3JlYXRlIjoxMjAwMDAwMDAwMDAwLCJkZWxldGUiOjEyMDAwMDAwMDAwMDAsInJlYWQiOjYwMDAwMDAwMDAwMCwidXBkYXRlIjoxMjAwMDAwMDAwMDAwfX0=",
          "dependencies": [
            "google_folder.bootstrap",
            "module.seed_bootstrap.google_folder_iam_member.tmp_project_creator",
            "module.seed_bootstrap.google_organization_iam_member.tmp_project_creator",
            "module.seed_bootstrap.module.seed_project.module.project-factory.google_compute_shared_vpc_host_project.shared_vpc_host",
            "module.seed_bootstrap.module.seed_project.module.project-factory.google_compute_shared_vpc_service_project.shared_vpc_attachment",
            "module.seed_bootstrap.module.seed_project.module.project-factory.google_project.main",
            "module.seed_bootstrap.module.seed_project.module.project-factory.module.project_services.data.google_compute_default_service_account.default",
            "module.seed_bootstrap.module.seed_project.module.project-factory.module.project_services.google_project_iam_member.project_service_identity_roles",
            "module.seed_bootstrap.module.seed_project.module.project-factory.module.project_services.google_project_service.project_services",
            "module.seed_bootstrap.module.seed_project.module.project-factory.module.project_services.google_project_service_identity.project_service_identities",
            "module.seed_bootstrap.module.seed_project.module.project-factory.random_id.random_project_id_suffix"
          ]
        },
        {
          "index_key": "monitoring.googleapis.com",
          "schema_version": 0,
          "attributes": {
            "disable_dependent_services": false,
            "disable_on_destroy": true,
            "id": "prj-b-seed-6a42/monitoring.googleapis.com",
            "project": "prj-b-seed-6a42",
            "service": "monitoring.googleapis.com",
            "timeouts": null
          },
          "sensitive_attributes": [],
          "private": "eyJlMmJmYjczMC1lY2FhLTExZTYtOGY4OC0zNDM2M2JjN2M0YzAiOnsiY3JlYXRlIjoxMjAwMDAwMDAwMDAwLCJkZWxldGUiOjEyMDAwMDAwMDAwMDAsInJlYWQiOjYwMDAwMDAwMDAwMCwidXBkYXRlIjoxMjAwMDAwMDAwMDAwfX0=",
          "dependencies": [
            "google_folder.bootstrap",
            "module.seed_bootstrap.google_folder_iam_member.tmp_project_creator",
            "module.seed_bootstrap.google_organization_iam_member.tmp_project_creator",
            "module.seed_bootstrap.module.seed_project.module.project-factory.google_compute_shared_vpc_host_project.shared_vpc_host",
            "module.seed_bootstrap.module.seed_project.module.project-factory.google_compute_shared_vpc_service_project.shared_vpc_attachment",
            "module.seed_bootstrap.module.seed_project.module.project-factory.google_project.main",
            "module.seed_bootstrap.module.seed_project.module.project-factory.module.project_services.data.google_compute_default_service_account.default",
            "module.seed_bootstrap.module.seed_project.module.project-factory.module.project_services.google_project_iam_member.project_service_identity_roles",
            "module.seed_bootstrap.module.seed_project.module.project-factory.module.project_services.google_project_service.project_services",
            "module.seed_bootstrap.module.seed_project.module.project-factory.module.project_services.google_project_service_identity.project_service_identities",
            "module.seed_bootstrap.module.seed_project.module.project-factory.random_id.random_project_id_suffix"
          ]
        },
        {
          "index_key": "servicenetworking.googleapis.com",
          "schema_version": 0,
          "attributes": {
            "disable_dependent_services": false,
            "disable_on_destroy": true,
            "id": "prj-b-seed-6a42/servicenetworking.googleapis.com",
            "project": "prj-b-seed-6a42",
            "service": "servicenetworking.googleapis.com",
            "timeouts": null
          },
          "sensitive_attributes": [],
          "private": "eyJlMmJmYjczMC1lY2FhLTExZTYtOGY4OC0zNDM2M2JjN2M0YzAiOnsiY3JlYXRlIjoxMjAwMDAwMDAwMDAwLCJkZWxldGUiOjEyMDAwMDAwMDAwMDAsInJlYWQiOjYwMDAwMDAwMDAwMCwidXBkYXRlIjoxMjAwMDAwMDAwMDAwfX0=",
          "dependencies": [
            "google_folder.bootstrap",
            "module.seed_bootstrap.google_folder_iam_member.tmp_project_creator",
            "module.seed_bootstrap.google_organization_iam_member.tmp_project_creator",
            "module.seed_bootstrap.module.seed_project.module.project-factory.google_compute_shared_vpc_host_project.shared_vpc_host",
            "module.seed_bootstrap.module.seed_project.module.project-factory.google_compute_shared_vpc_service_project.shared_vpc_attachment",
            "module.seed_bootstrap.module.seed_project.module.project-factory.google_project.main",
            "module.seed_bootstrap.module.seed_project.module.project-factory.module.project_services.data.google_compute_default_service_account.default",
            "module.seed_bootstrap.module.seed_project.module.project-factory.module.project_services.google_project_iam_member.project_service_identity_roles",
            "module.seed_bootstrap.module.seed_project.module.project-factory.module.project_services.google_project_service.project_services",
            "module.seed_bootstrap.module.seed_project.module.project-factory.module.project_services.google_project_service_identity.project_service_identities",
            "module.seed_bootstrap.module.seed_project.module.project-factory.random_id.random_project_id_suffix"
          ]
        },
        {
          "index_key": "serviceusage.googleapis.com",
          "schema_version": 0,
          "attributes": {
            "disable_dependent_services": false,
            "disable_on_destroy": true,
            "id": "prj-b-seed-6a42/serviceusage.googleapis.com",
            "project": "prj-b-seed-6a42",
            "service": "serviceusage.googleapis.com",
            "timeouts": null
          },
          "sensitive_attributes": [],
          "private": "eyJlMmJmYjczMC1lY2FhLTExZTYtOGY4OC0zNDM2M2JjN2M0YzAiOnsiY3JlYXRlIjoxMjAwMDAwMDAwMDAwLCJkZWxldGUiOjEyMDAwMDAwMDAwMDAsInJlYWQiOjYwMDAwMDAwMDAwMCwidXBkYXRlIjoxMjAwMDAwMDAwMDAwfX0=",
          "dependencies": [
            "google_folder.bootstrap",
            "module.seed_bootstrap.google_folder_iam_member.tmp_project_creator",
            "module.seed_bootstrap.google_organization_iam_member.tmp_project_creator",
            "module.seed_bootstrap.module.seed_project.module.project-factory.google_compute_shared_vpc_host_project.shared_vpc_host",
            "module.seed_bootstrap.module.seed_project.module.project-factory.google_compute_shared_vpc_service_project.shared_vpc_attachment",
            "module.seed_bootstrap.module.seed_project.module.project-factory.google_project.main",
            "module.seed_bootstrap.module.seed_project.module.project-factory.module.project_services.data.google_compute_default_service_account.default",
            "module.seed_bootstrap.module.seed_project.module.project-factory.module.project_services.google_project_iam_member.project_service_identity_roles",
            "module.seed_bootstrap.module.seed_project.module.project-factory.module.project_services.google_project_service.project_services",
            "module.seed_bootstrap.module.seed_project.module.project-factory.module.project_services.google_project_service_identity.project_service_identities",
            "module.seed_bootstrap.module.seed_project.module.project-factory.random_id.random_project_id_suffix"
          ]
        },
        {
          "index_key": "storage-api.googleapis.com",
          "schema_version": 0,
          "attributes": {
            "disable_dependent_services": false,
            "disable_on_destroy": true,
            "id": "prj-b-seed-6a42/storage-api.googleapis.com",
            "project": "prj-b-seed-6a42",
            "service": "storage-api.googleapis.com",
            "timeouts": null
          },
          "sensitive_attributes": [],
          "private": "eyJlMmJmYjczMC1lY2FhLTExZTYtOGY4OC0zNDM2M2JjN2M0YzAiOnsiY3JlYXRlIjoxMjAwMDAwMDAwMDAwLCJkZWxldGUiOjEyMDAwMDAwMDAwMDAsInJlYWQiOjYwMDAwMDAwMDAwMCwidXBkYXRlIjoxMjAwMDAwMDAwMDAwfX0=",
          "dependencies": [
            "google_folder.bootstrap",
            "module.seed_bootstrap.google_folder_iam_member.tmp_project_creator",
            "module.seed_bootstrap.google_organization_iam_member.tmp_project_creator",
            "module.seed_bootstrap.module.seed_project.module.project-factory.google_compute_shared_vpc_host_project.shared_vpc_host",
            "module.seed_bootstrap.module.seed_project.module.project-factory.google_compute_shared_vpc_service_project.shared_vpc_attachment",
            "module.seed_bootstrap.module.seed_project.module.project-factory.google_project.main",
            "module.seed_bootstrap.module.seed_project.module.project-factory.module.project_services.data.google_compute_default_service_account.default",
            "module.seed_bootstrap.module.seed_project.module.project-factory.module.project_services.google_project_iam_member.project_service_identity_roles",
            "module.seed_bootstrap.module.seed_project.module.project-factory.module.project_services.google_project_service.project_services",
            "module.seed_bootstrap.module.seed_project.module.project-factory.module.project_services.google_project_service_identity.project_service_identities",
            "module.seed_bootstrap.module.seed_project.module.project-factory.random_id.random_project_id_suffix"
          ]
        }
      ]
    },
    {
      "mode": "managed",
      "type": "random_id",
      "name": "suffix",
      "provider": "provider[\"registry.terraform.io/hashicorp/random\"]",
      "instances": [
        {
          "schema_version": 0,
          "attributes": {
            "b64_std": "WTw=",
            "b64_url": "WTw",
            "byte_length": 2,
            "dec": "22844",
            "hex": "593c",
            "id": "WTw",
            "keepers": null,
            "prefix": null
          },
          "sensitive_attributes": []
        }
      ]
    },
    {
      "module": "module.seed_bootstrap",
      "mode": "data",
      "type": "google_storage_project_service_account",
      "name": "gcs_account",
      "provider": "provider[\"registry.terraform.io/hashicorp/google\"]",
      "instances": [
        {
          "schema_version": 0,
          "attributes": {
            "email_address": "service-796273317105@gs-project-accounts.iam.gserviceaccount.com",
            "id": "service-796273317105@gs-project-accounts.iam.gserviceaccount.com",
            "member": "serviceAccount:service-796273317105@gs-project-accounts.iam.gserviceaccount.com",
            "project": "prj-b-seed-6a42",
            "user_project": null
          },
          "sensitive_attributes": []
        }
      ]
    },
    {
      "module": "module.seed_bootstrap",
      "mode": "managed",
      "type": "google_billing_account_iam_member",
      "name": "tf_billing_user",
      "provider": "provider[\"registry.terraform.io/hashicorp/google\"]",
      "instances": [
        {
          "index_key": 0,
          "schema_version": 0,
          "attributes": {
            "billing_account_id": "01A249-F32C36-5D52F9",
            "condition": [],
            "etag": "BwXsZn3Gv+U=",
            "id": "01A249-F32C36-5D52F9/roles/billing.user/serviceAccount:org-terraform@prj-b-seed-6a42.iam.gserviceaccount.com",
            "member": "serviceAccount:org-terraform@prj-b-seed-6a42.iam.gserviceaccount.com",
            "role": "roles/billing.user"
          },
          "sensitive_attributes": [],
          "private": "bnVsbA==",
          "dependencies": [
            "google_folder.bootstrap",
            "module.seed_bootstrap.google_folder_iam_member.tmp_project_creator",
            "module.seed_bootstrap.google_organization_iam_member.tmp_project_creator",
            "module.seed_bootstrap.google_service_account.org_terraform",
            "module.seed_bootstrap.module.seed_project.module.project-factory.google_compute_shared_vpc_host_project.shared_vpc_host",
            "module.seed_bootstrap.module.seed_project.module.project-factory.google_compute_shared_vpc_service_project.shared_vpc_attachment",
            "module.seed_bootstrap.module.seed_project.module.project-factory.google_project.main",
            "module.seed_bootstrap.module.seed_project.module.project-factory.module.project_services.data.google_compute_default_service_account.default",
            "module.seed_bootstrap.module.seed_project.module.project-factory.module.project_services.google_project_iam_member.project_service_identity_roles",
            "module.seed_bootstrap.module.seed_project.module.project-factory.module.project_services.google_project_service.project_services",
            "module.seed_bootstrap.module.seed_project.module.project-factory.module.project_services.google_project_service_identity.project_service_identities",
            "module.seed_bootstrap.module.seed_project.module.project-factory.random_id.random_project_id_suffix"
          ]
        }
      ]
    },
    {
      "module": "module.seed_bootstrap",
      "mode": "managed",
      "type": "google_organization_iam_binding",
      "name": "billing_creator",
      "provider": "provider[\"registry.terraform.io/hashicorp/google\"]",
      "instances": [
        {
          "schema_version": 0,
          "attributes": {
            "condition": [],
            "etag": "BwXsZmvqGJw=",
            "id": "869699134600/roles/billing.creator",
            "members": [
              "group:gcp-billing-admins@dranetechnologies.joonix.net"
            ],
            "org_id": "869699134600",
            "role": "roles/billing.creator"
          },
          "sensitive_attributes": [],
          "private": "bnVsbA=="
        }
      ]
    },
    {
      "module": "module.seed_bootstrap",
      "mode": "managed",
      "type": "google_organization_iam_binding",
      "name": "project_creator",
      "provider": "provider[\"registry.terraform.io/hashicorp/google\"]",
      "instances": [
        {
          "index_key": 0,
          "schema_version": 0,
          "attributes": {
            "condition": [],
            "etag": "BwXsZoHDxcg=",
            "id": "869699134600/roles/resourcemanager.projectCreator",
            "members": [
              "group:gcp-organization-admins@dranetechnologies.joonix.net",
              "serviceAccount:org-terraform@prj-b-seed-6a42.iam.gserviceaccount.com"
            ],
            "org_id": "869699134600",
            "role": "roles/resourcemanager.projectCreator"
          },
          "sensitive_attributes": [],
          "private": "bnVsbA==",
          "dependencies": [
            "google_folder.bootstrap",
            "module.seed_bootstrap.google_folder_iam_member.tmp_project_creator",
            "module.seed_bootstrap.google_organization_iam_member.tmp_project_creator",
            "module.seed_bootstrap.google_service_account.org_terraform",
            "module.seed_bootstrap.module.seed_project.module.project-factory.google_compute_shared_vpc_host_project.shared_vpc_host",
            "module.seed_bootstrap.module.seed_project.module.project-factory.google_compute_shared_vpc_service_project.shared_vpc_attachment",
            "module.seed_bootstrap.module.seed_project.module.project-factory.google_project.main",
            "module.seed_bootstrap.module.seed_project.module.project-factory.module.project_services.data.google_compute_default_service_account.default",
            "module.seed_bootstrap.module.seed_project.module.project-factory.module.project_services.google_project_iam_member.project_service_identity_roles",
            "module.seed_bootstrap.module.seed_project.module.project-factory.module.project_services.google_project_service.project_services",
            "module.seed_bootstrap.module.seed_project.module.project-factory.module.project_services.google_project_service_identity.project_service_identities",
            "module.seed_bootstrap.module.seed_project.module.project-factory.random_id.random_project_id_suffix"
          ]
        }
      ]
    },
    {
      "module": "module.seed_bootstrap",
      "mode": "managed",
      "type": "google_organization_iam_member",
      "name": "org_admin_serviceusage_consumer",
      "provider": "provider[\"registry.terraform.io/hashicorp/google\"]",
      "instances": [
        {
          "index_key": 0,
          "schema_version": 0,
          "attributes": {
            "condition": [],
            "etag": "BwXsZmvqGJw=",
            "id": "869699134600/roles/serviceusage.serviceUsageConsumer/group:gcp-organization-admins@dranetechnologies.joonix.net",
            "member": "group:gcp-organization-admins@dranetechnologies.joonix.net",
            "org_id": "869699134600",
            "role": "roles/serviceusage.serviceUsageConsumer"
          },
          "sensitive_attributes": [],
          "private": "bnVsbA=="
        }
      ]
    },
    {
      "module": "module.seed_bootstrap",
      "mode": "managed",
      "type": "google_organization_iam_member",
      "name": "org_admins_group",
      "provider": "provider[\"registry.terraform.io/hashicorp/google\"]",
      "instances": [
        {
          "index_key": "roles/billing.user",
          "schema_version": 0,
          "attributes": {
            "condition": [],
            "etag": "BwXsZmvqGJw=",
            "id": "869699134600/roles/billing.user/group:gcp-organization-admins@dranetechnologies.joonix.net",
            "member": "group:gcp-organization-admins@dranetechnologies.joonix.net",
            "org_id": "869699134600",
            "role": "roles/billing.user"
          },
          "sensitive_attributes": [],
          "private": "bnVsbA=="
        },
        {
          "index_key": "roles/resourcemanager.organizationAdmin",
          "schema_version": 0,
          "attributes": {
            "condition": [],
            "etag": "BwXsZmvqGJw=",
            "id": "869699134600/roles/resourcemanager.organizationAdmin/group:gcp-organization-admins@dranetechnologies.joonix.net",
            "member": "group:gcp-organization-admins@dranetechnologies.joonix.net",
            "org_id": "869699134600",
            "role": "roles/resourcemanager.organizationAdmin"
          },
          "sensitive_attributes": [],
          "private": "bnVsbA=="
        }
      ]
    },
    {
      "module": "module.seed_bootstrap",
      "mode": "managed",
      "type": "google_organization_iam_member",
      "name": "org_billing_admin",
      "provider": "provider[\"registry.terraform.io/hashicorp/google\"]",
      "instances": [
        {
          "schema_version": 0,
          "attributes": {
            "condition": [],
            "etag": "BwXsZmn+kpk=",
            "id": "869699134600/roles/billing.admin/group:gcp-billing-admins@dranetechnologies.joonix.net",
            "member": "group:gcp-billing-admins@dranetechnologies.joonix.net",
            "org_id": "869699134600",
            "role": "roles/billing.admin"
          },
          "sensitive_attributes": [],
          "private": "bnVsbA=="
        }
      ]
    },
    {
      "module": "module.seed_bootstrap",
      "mode": "managed",
      "type": "google_organization_iam_member",
      "name": "tf_sa_org_perms",
      "provider": "provider[\"registry.terraform.io/hashicorp/google\"]",
      "instances": [
        {
          "index_key": "roles/accesscontextmanager.policyAdmin",
          "schema_version": 0,
          "attributes": {
            "condition": [],
            "etag": "BwXsZoDY4iQ=",
            "id": "869699134600/roles/accesscontextmanager.policyAdmin/serviceAccount:org-terraform@prj-b-seed-6a42.iam.gserviceaccount.com",
            "member": "serviceAccount:org-terraform@prj-b-seed-6a42.iam.gserviceaccount.com",
            "org_id": "869699134600",
            "role": "roles/accesscontextmanager.policyAdmin"
          },
          "sensitive_attributes": [],
          "private": "bnVsbA==",
          "dependencies": [
            "google_folder.bootstrap",
            "module.seed_bootstrap.google_folder_iam_member.tmp_project_creator",
            "module.seed_bootstrap.google_organization_iam_member.tmp_project_creator",
            "module.seed_bootstrap.google_service_account.org_terraform",
            "module.seed_bootstrap.module.seed_project.module.project-factory.google_compute_shared_vpc_host_project.shared_vpc_host",
            "module.seed_bootstrap.module.seed_project.module.project-factory.google_compute_shared_vpc_service_project.shared_vpc_attachment",
            "module.seed_bootstrap.module.seed_project.module.project-factory.google_project.main",
            "module.seed_bootstrap.module.seed_project.module.project-factory.module.project_services.data.google_compute_default_service_account.default",
            "module.seed_bootstrap.module.seed_project.module.project-factory.module.project_services.google_project_iam_member.project_service_identity_roles",
            "module.seed_bootstrap.module.seed_project.module.project-factory.module.project_services.google_project_service.project_services",
            "module.seed_bootstrap.module.seed_project.module.project-factory.module.project_services.google_project_service_identity.project_service_identities",
            "module.seed_bootstrap.module.seed_project.module.project-factory.random_id.random_project_id_suffix"
          ]
        },
        {
          "index_key": "roles/billing.user",
          "schema_version": 0,
          "attributes": {
            "condition": [],
            "etag": "BwXsZoBxLf0=",
            "id": "869699134600/roles/billing.user/serviceAccount:org-terraform@prj-b-seed-6a42.iam.gserviceaccount.com",
            "member": "serviceAccount:org-terraform@prj-b-seed-6a42.iam.gserviceaccount.com",
            "org_id": "869699134600",
            "role": "roles/billing.user"
          },
          "sensitive_attributes": [],
          "private": "bnVsbA==",
          "dependencies": [
            "google_folder.bootstrap",
            "module.seed_bootstrap.google_folder_iam_member.tmp_project_creator",
            "module.seed_bootstrap.google_organization_iam_member.tmp_project_creator",
            "module.seed_bootstrap.google_service_account.org_terraform",
            "module.seed_bootstrap.module.seed_project.module.project-factory.google_compute_shared_vpc_host_project.shared_vpc_host",
            "module.seed_bootstrap.module.seed_project.module.project-factory.google_compute_shared_vpc_service_project.shared_vpc_attachment",
            "module.seed_bootstrap.module.seed_project.module.project-factory.google_project.main",
            "module.seed_bootstrap.module.seed_project.module.project-factory.module.project_services.data.google_compute_default_service_account.default",
            "module.seed_bootstrap.module.seed_project.module.project-factory.module.project_services.google_project_iam_member.project_service_identity_roles",
            "module.seed_bootstrap.module.seed_project.module.project-factory.module.project_services.google_project_service.project_services",
            "module.seed_bootstrap.module.seed_project.module.project-factory.module.project_services.google_project_service_identity.project_service_identities",
            "module.seed_bootstrap.module.seed_project.module.project-factory.random_id.random_project_id_suffix"
          ]
        },
        {
          "index_key": "roles/compute.networkAdmin",
          "schema_version": 0,
          "attributes": {
            "condition": [],
            "etag": "BwXsZoDY4iQ=",
            "id": "869699134600/roles/compute.networkAdmin/serviceAccount:org-terraform@prj-b-seed-6a42.iam.gserviceaccount.com",
            "member": "serviceAccount:org-terraform@prj-b-seed-6a42.iam.gserviceaccount.com",
            "org_id": "869699134600",
            "role": "roles/compute.networkAdmin"
          },
          "sensitive_attributes": [],
          "private": "bnVsbA==",
          "dependencies": [
            "google_folder.bootstrap",
            "module.seed_bootstrap.google_folder_iam_member.tmp_project_creator",
            "module.seed_bootstrap.google_organization_iam_member.tmp_project_creator",
            "module.seed_bootstrap.google_service_account.org_terraform",
            "module.seed_bootstrap.module.seed_project.module.project-factory.google_compute_shared_vpc_host_project.shared_vpc_host",
            "module.seed_bootstrap.module.seed_project.module.project-factory.google_compute_shared_vpc_service_project.shared_vpc_attachment",
            "module.seed_bootstrap.module.seed_project.module.project-factory.google_project.main",
            "module.seed_bootstrap.module.seed_project.module.project-factory.module.project_services.data.google_compute_default_service_account.default",
            "module.seed_bootstrap.module.seed_project.module.project-factory.module.project_services.google_project_iam_member.project_service_identity_roles",
            "module.seed_bootstrap.module.seed_project.module.project-factory.module.project_services.google_project_service.project_services",
            "module.seed_bootstrap.module.seed_project.module.project-factory.module.project_services.google_project_service_identity.project_service_identities",
            "module.seed_bootstrap.module.seed_project.module.project-factory.random_id.random_project_id_suffix"
          ]
        },
        {
          "index_key": "roles/compute.xpnAdmin",
          "schema_version": 0,
          "attributes": {
            "condition": [],
            "etag": "BwXsZoDY4iQ=",
            "id": "869699134600/roles/compute.xpnAdmin/serviceAccount:org-terraform@prj-b-seed-6a42.iam.gserviceaccount.com",
            "member": "serviceAccount:org-terraform@prj-b-seed-6a42.iam.gserviceaccount.com",
            "org_id": "869699134600",
            "role": "roles/compute.xpnAdmin"
          },
          "sensitive_attributes": [],
          "private": "bnVsbA==",
          "dependencies": [
            "google_folder.bootstrap",
            "module.seed_bootstrap.google_folder_iam_member.tmp_project_creator",
            "module.seed_bootstrap.google_organization_iam_member.tmp_project_creator",
            "module.seed_bootstrap.google_service_account.org_terraform",
            "module.seed_bootstrap.module.seed_project.module.project-factory.google_compute_shared_vpc_host_project.shared_vpc_host",
            "module.seed_bootstrap.module.seed_project.module.project-factory.google_compute_shared_vpc_service_project.shared_vpc_attachment",
            "module.seed_bootstrap.module.seed_project.module.project-factory.google_project.main",
            "module.seed_bootstrap.module.seed_project.module.project-factory.module.project_services.data.google_compute_default_service_account.default",
            "module.seed_bootstrap.module.seed_project.module.project-factory.module.project_services.google_project_iam_member.project_service_identity_roles",
            "module.seed_bootstrap.module.seed_project.module.project-factory.module.project_services.google_project_service.project_services",
            "module.seed_bootstrap.module.seed_project.module.project-factory.module.project_services.google_project_service_identity.project_service_identities",
            "module.seed_bootstrap.module.seed_project.module.project-factory.random_id.random_project_id_suffix"
          ]
        },
        {
          "index_key": "roles/iam.securityAdmin",
          "schema_version": 0,
          "attributes": {
            "condition": [],
            "etag": "BwXsZoDY4iQ=",
            "id": "869699134600/roles/iam.securityAdmin/serviceAccount:org-terraform@prj-b-seed-6a42.iam.gserviceaccount.com",
            "member": "serviceAccount:org-terraform@prj-b-seed-6a42.iam.gserviceaccount.com",
            "org_id": "869699134600",
            "role": "roles/iam.securityAdmin"
          },
          "sensitive_attributes": [],
          "private": "bnVsbA==",
          "dependencies": [
            "google_folder.bootstrap",
            "module.seed_bootstrap.google_folder_iam_member.tmp_project_creator",
            "module.seed_bootstrap.google_organization_iam_member.tmp_project_creator",
            "module.seed_bootstrap.google_service_account.org_terraform",
            "module.seed_bootstrap.module.seed_project.module.project-factory.google_compute_shared_vpc_host_project.shared_vpc_host",
            "module.seed_bootstrap.module.seed_project.module.project-factory.google_compute_shared_vpc_service_project.shared_vpc_attachment",
            "module.seed_bootstrap.module.seed_project.module.project-factory.google_project.main",
            "module.seed_bootstrap.module.seed_project.module.project-factory.module.project_services.data.google_compute_default_service_account.default",
            "module.seed_bootstrap.module.seed_project.module.project-factory.module.project_services.google_project_iam_member.project_service_identity_roles",
            "module.seed_bootstrap.module.seed_project.module.project-factory.module.project_services.google_project_service.project_services",
            "module.seed_bootstrap.module.seed_project.module.project-factory.module.project_services.google_project_service_identity.project_service_identities",
            "module.seed_bootstrap.module.seed_project.module.project-factory.random_id.random_project_id_suffix"
          ]
        },
        {
          "index_key": "roles/iam.serviceAccountAdmin",
          "schema_version": 0,
          "attributes": {
            "condition": [],
            "etag": "BwXsZoDY4iQ=",
            "id": "869699134600/roles/iam.serviceAccountAdmin/serviceAccount:org-terraform@prj-b-seed-6a42.iam.gserviceaccount.com",
            "member": "serviceAccount:org-terraform@prj-b-seed-6a42.iam.gserviceaccount.com",
            "org_id": "869699134600",
            "role": "roles/iam.serviceAccountAdmin"
          },
          "sensitive_attributes": [],
          "private": "bnVsbA==",
          "dependencies": [
            "google_folder.bootstrap",
            "module.seed_bootstrap.google_folder_iam_member.tmp_project_creator",
            "module.seed_bootstrap.google_organization_iam_member.tmp_project_creator",
            "module.seed_bootstrap.google_service_account.org_terraform",
            "module.seed_bootstrap.module.seed_project.module.project-factory.google_compute_shared_vpc_host_project.shared_vpc_host",
            "module.seed_bootstrap.module.seed_project.module.project-factory.google_compute_shared_vpc_service_project.shared_vpc_attachment",
            "module.seed_bootstrap.module.seed_project.module.project-factory.google_project.main",
            "module.seed_bootstrap.module.seed_project.module.project-factory.module.project_services.data.google_compute_default_service_account.default",
            "module.seed_bootstrap.module.seed_project.module.project-factory.module.project_services.google_project_iam_member.project_service_identity_roles",
            "module.seed_bootstrap.module.seed_project.module.project-factory.module.project_services.google_project_service.project_services",
            "module.seed_bootstrap.module.seed_project.module.project-factory.module.project_services.google_project_service_identity.project_service_identities",
            "module.seed_bootstrap.module.seed_project.module.project-factory.random_id.random_project_id_suffix"
          ]
        },
        {
          "index_key": "roles/logging.configWriter",
          "schema_version": 0,
          "attributes": {
            "condition": [],
            "etag": "BwXsZoHDxcg=",
            "id": "869699134600/roles/logging.configWriter/serviceAccount:org-terraform@prj-b-seed-6a42.iam.gserviceaccount.com",
            "member": "serviceAccount:org-terraform@prj-b-seed-6a42.iam.gserviceaccount.com",
            "org_id": "869699134600",
            "role": "roles/logging.configWriter"
          },
          "sensitive_attributes": [],
          "private": "bnVsbA==",
          "dependencies": [
            "google_folder.bootstrap",
            "module.seed_bootstrap.google_folder_iam_member.tmp_project_creator",
            "module.seed_bootstrap.google_organization_iam_member.tmp_project_creator",
            "module.seed_bootstrap.google_service_account.org_terraform",
            "module.seed_bootstrap.module.seed_project.module.project-factory.google_compute_shared_vpc_host_project.shared_vpc_host",
            "module.seed_bootstrap.module.seed_project.module.project-factory.google_compute_shared_vpc_service_project.shared_vpc_attachment",
            "module.seed_bootstrap.module.seed_project.module.project-factory.google_project.main",
            "module.seed_bootstrap.module.seed_project.module.project-factory.module.project_services.data.google_compute_default_service_account.default",
            "module.seed_bootstrap.module.seed_project.module.project-factory.module.project_services.google_project_iam_member.project_service_identity_roles",
            "module.seed_bootstrap.module.seed_project.module.project-factory.module.project_services.google_project_service.project_services",
            "module.seed_bootstrap.module.seed_project.module.project-factory.module.project_services.google_project_service_identity.project_service_identities",
            "module.seed_bootstrap.module.seed_project.module.project-factory.random_id.random_project_id_suffix"
          ]
        },
        {
          "index_key": "roles/orgpolicy.policyAdmin",
          "schema_version": 0,
          "attributes": {
            "condition": [],
            "etag": "BwXsZoFmqog=",
            "id": "869699134600/roles/orgpolicy.policyAdmin/serviceAccount:org-terraform@prj-b-seed-6a42.iam.gserviceaccount.com",
            "member": "serviceAccount:org-terraform@prj-b-seed-6a42.iam.gserviceaccount.com",
            "org_id": "869699134600",
            "role": "roles/orgpolicy.policyAdmin"
          },
          "sensitive_attributes": [],
          "private": "bnVsbA==",
          "dependencies": [
            "google_folder.bootstrap",
            "module.seed_bootstrap.google_folder_iam_member.tmp_project_creator",
            "module.seed_bootstrap.google_organization_iam_member.tmp_project_creator",
            "module.seed_bootstrap.google_service_account.org_terraform",
            "module.seed_bootstrap.module.seed_project.module.project-factory.google_compute_shared_vpc_host_project.shared_vpc_host",
            "module.seed_bootstrap.module.seed_project.module.project-factory.google_compute_shared_vpc_service_project.shared_vpc_attachment",
            "module.seed_bootstrap.module.seed_project.module.project-factory.google_project.main",
            "module.seed_bootstrap.module.seed_project.module.project-factory.module.project_services.data.google_compute_default_service_account.default",
            "module.seed_bootstrap.module.seed_project.module.project-factory.module.project_services.google_project_iam_member.project_service_identity_roles",
            "module.seed_bootstrap.module.seed_project.module.project-factory.module.project_services.google_project_service.project_services",
            "module.seed_bootstrap.module.seed_project.module.project-factory.module.project_services.google_project_service_identity.project_service_identities",
            "module.seed_bootstrap.module.seed_project.module.project-factory.random_id.random_project_id_suffix"
          ]
        },
        {
          "index_key": "roles/resourcemanager.folderAdmin",
          "schema_version": 0,
          "attributes": {
            "condition": [],
            "etag": "BwXsZn00ogI=",
            "id": "869699134600/roles/resourcemanager.folderAdmin/serviceAccount:org-terraform@prj-b-seed-6a42.iam.gserviceaccount.com",
            "member": "serviceAccount:org-terraform@prj-b-seed-6a42.iam.gserviceaccount.com",
            "org_id": "869699134600",
            "role": "roles/resourcemanager.folderAdmin"
          },
          "sensitive_attributes": [],
          "private": "bnVsbA==",
          "dependencies": [
            "google_folder.bootstrap",
            "module.seed_bootstrap.google_folder_iam_member.tmp_project_creator",
            "module.seed_bootstrap.google_organization_iam_member.tmp_project_creator",
            "module.seed_bootstrap.google_service_account.org_terraform",
            "module.seed_bootstrap.module.seed_project.module.project-factory.google_compute_shared_vpc_host_project.shared_vpc_host",
            "module.seed_bootstrap.module.seed_project.module.project-factory.google_compute_shared_vpc_service_project.shared_vpc_attachment",
            "module.seed_bootstrap.module.seed_project.module.project-factory.google_project.main",
            "module.seed_bootstrap.module.seed_project.module.project-factory.module.project_services.data.google_compute_default_service_account.default",
            "module.seed_bootstrap.module.seed_project.module.project-factory.module.project_services.google_project_iam_member.project_service_identity_roles",
            "module.seed_bootstrap.module.seed_project.module.project-factory.module.project_services.google_project_service.project_services",
            "module.seed_bootstrap.module.seed_project.module.project-factory.module.project_services.google_project_service_identity.project_service_identities",
            "module.seed_bootstrap.module.seed_project.module.project-factory.random_id.random_project_id_suffix"
          ]
        },
        {
          "index_key": "roles/resourcemanager.organizationViewer",
          "schema_version": 0,
          "attributes": {
            "condition": [],
            "etag": "BwXsZoDY4iQ=",
            "id": "869699134600/roles/resourcemanager.organizationViewer/serviceAccount:org-terraform@prj-b-seed-6a42.iam.gserviceaccount.com",
            "member": "serviceAccount:org-terraform@prj-b-seed-6a42.iam.gserviceaccount.com",
            "org_id": "869699134600",
            "role": "roles/resourcemanager.organizationViewer"
          },
          "sensitive_attributes": [],
          "private": "bnVsbA==",
          "dependencies": [
            "google_folder.bootstrap",
            "module.seed_bootstrap.google_folder_iam_member.tmp_project_creator",
            "module.seed_bootstrap.google_organization_iam_member.tmp_project_creator",
            "module.seed_bootstrap.google_service_account.org_terraform",
            "module.seed_bootstrap.module.seed_project.module.project-factory.google_compute_shared_vpc_host_project.shared_vpc_host",
            "module.seed_bootstrap.module.seed_project.module.project-factory.google_compute_shared_vpc_service_project.shared_vpc_attachment",
            "module.seed_bootstrap.module.seed_project.module.project-factory.google_project.main",
            "module.seed_bootstrap.module.seed_project.module.project-factory.module.project_services.data.google_compute_default_service_account.default",
            "module.seed_bootstrap.module.seed_project.module.project-factory.module.project_services.google_project_iam_member.project_service_identity_roles",
            "module.seed_bootstrap.module.seed_project.module.project-factory.module.project_services.google_project_service.project_services",
            "module.seed_bootstrap.module.seed_project.module.project-factory.module.project_services.google_project_service_identity.project_service_identities",
            "module.seed_bootstrap.module.seed_project.module.project-factory.random_id.random_project_id_suffix"
          ]
        },
        {
          "index_key": "roles/resourcemanager.projectCreator",
          "schema_version": 0,
          "attributes": {
            "condition": [],
            "etag": "BwXsZoDY4iQ=",
            "id": "869699134600/roles/resourcemanager.projectCreator/serviceAccount:org-terraform@prj-b-seed-6a42.iam.gserviceaccount.com",
            "member": "serviceAccount:org-terraform@prj-b-seed-6a42.iam.gserviceaccount.com",
            "org_id": "869699134600",
            "role": "roles/resourcemanager.projectCreator"
          },
          "sensitive_attributes": [],
          "private": "bnVsbA==",
          "dependencies": [
            "google_folder.bootstrap",
            "module.seed_bootstrap.google_folder_iam_member.tmp_project_creator",
            "module.seed_bootstrap.google_organization_iam_member.tmp_project_creator",
            "module.seed_bootstrap.google_service_account.org_terraform",
            "module.seed_bootstrap.module.seed_project.module.project-factory.google_compute_shared_vpc_host_project.shared_vpc_host",
            "module.seed_bootstrap.module.seed_project.module.project-factory.google_compute_shared_vpc_service_project.shared_vpc_attachment",
            "module.seed_bootstrap.module.seed_project.module.project-factory.google_project.main",
            "module.seed_bootstrap.module.seed_project.module.project-factory.module.project_services.data.google_compute_default_service_account.default",
            "module.seed_bootstrap.module.seed_project.module.project-factory.module.project_services.google_project_iam_member.project_service_identity_roles",
            "module.seed_bootstrap.module.seed_project.module.project-factory.module.project_services.google_project_service.project_services",
            "module.seed_bootstrap.module.seed_project.module.project-factory.module.project_services.google_project_service_identity.project_service_identities",
            "module.seed_bootstrap.module.seed_project.module.project-factory.random_id.random_project_id_suffix"
          ]
        },
        {
          "index_key": "roles/securitycenter.notificationConfigEditor",
          "schema_version": 0,
          "attributes": {
            "condition": [],
            "etag": "BwXsZoBxLf0=",
            "id": "869699134600/roles/securitycenter.notificationConfigEditor/serviceAccount:org-terraform@prj-b-seed-6a42.iam.gserviceaccount.com",
            "member": "serviceAccount:org-terraform@prj-b-seed-6a42.iam.gserviceaccount.com",
            "org_id": "869699134600",
            "role": "roles/securitycenter.notificationConfigEditor"
          },
          "sensitive_attributes": [],
          "private": "bnVsbA==",
          "dependencies": [
            "google_folder.bootstrap",
            "module.seed_bootstrap.google_folder_iam_member.tmp_project_creator",
            "module.seed_bootstrap.google_organization_iam_member.tmp_project_creator",
            "module.seed_bootstrap.google_service_account.org_terraform",
            "module.seed_bootstrap.module.seed_project.module.project-factory.google_compute_shared_vpc_host_project.shared_vpc_host",
            "module.seed_bootstrap.module.seed_project.module.project-factory.google_compute_shared_vpc_service_project.shared_vpc_attachment",
            "module.seed_bootstrap.module.seed_project.module.project-factory.google_project.main",
            "module.seed_bootstrap.module.seed_project.module.project-factory.module.project_services.data.google_compute_default_service_account.default",
            "module.seed_bootstrap.module.seed_project.module.project-factory.module.project_services.google_project_iam_member.project_service_identity_roles",
            "module.seed_bootstrap.module.seed_project.module.project-factory.module.project_services.google_project_service.project_services",
            "module.seed_bootstrap.module.seed_project.module.project-factory.module.project_services.google_project_service_identity.project_service_identities",
            "module.seed_bootstrap.module.seed_project.module.project-factory.random_id.random_project_id_suffix"
          ]
        }
      ]
    },
    {
      "module": "module.seed_bootstrap",
      "mode": "managed",
      "type": "google_organization_iam_member",
      "name": "tmp_project_creator",
      "provider": "provider[\"registry.terraform.io/hashicorp/google\"]",
      "instances": [
        {
          "index_key": 0,
          "schema_version": 0,
          "attributes": {
            "condition": [],
            "etag": "BwXsZmvqGJw=",
            "id": "869699134600/roles/resourcemanager.projectCreator/group:gcp-organization-admins@dranetechnologies.joonix.net",
            "member": "group:gcp-organization-admins@dranetechnologies.joonix.net",
            "org_id": "869699134600",
            "role": "roles/resourcemanager.projectCreator"
          },
          "sensitive_attributes": [],
          "private": "bnVsbA=="
        }
      ]
    },
    {
      "module": "module.seed_bootstrap",
      "mode": "managed",
      "type": "google_service_account",
      "name": "org_terraform",
      "provider": "provider[\"registry.terraform.io/hashicorp/google\"]",
      "instances": [
        {
          "schema_version": 0,
          "attributes": {
            "account_id": "org-terraform",
            "description": "",
            "disabled": false,
            "display_name": "CFT Organization Terraform Account",
            "email": "org-terraform@prj-b-seed-6a42.iam.gserviceaccount.com",
            "id": "projects/prj-b-seed-6a42/serviceAccounts/org-terraform@prj-b-seed-6a42.iam.gserviceaccount.com",
            "member": "serviceAccount:org-terraform@prj-b-seed-6a42.iam.gserviceaccount.com",
            "name": "projects/prj-b-seed-6a42/serviceAccounts/org-terraform@prj-b-seed-6a42.iam.gserviceaccount.com",
            "project": "prj-b-seed-6a42",
            "timeouts": null,
            "unique_id": "106762030641697570857"
          },
          "sensitive_attributes": [],
          "private": "eyJlMmJmYjczMC1lY2FhLTExZTYtOGY4OC0zNDM2M2JjN2M0YzAiOnsiY3JlYXRlIjozMDAwMDAwMDAwMDB9fQ==",
          "dependencies": [
            "google_folder.bootstrap",
            "module.seed_bootstrap.google_folder_iam_member.tmp_project_creator",
            "module.seed_bootstrap.google_organization_iam_member.tmp_project_creator",
            "module.seed_bootstrap.module.seed_project.module.project-factory.google_compute_shared_vpc_host_project.shared_vpc_host",
            "module.seed_bootstrap.module.seed_project.module.project-factory.google_compute_shared_vpc_service_project.shared_vpc_attachment",
            "module.seed_bootstrap.module.seed_project.module.project-factory.google_project.main",
            "module.seed_bootstrap.module.seed_project.module.project-factory.module.project_services.data.google_compute_default_service_account.default",
            "module.seed_bootstrap.module.seed_project.module.project-factory.module.project_services.google_project_iam_member.project_service_identity_roles",
            "module.seed_bootstrap.module.seed_project.module.project-factory.module.project_services.google_project_service.project_services",
            "module.seed_bootstrap.module.seed_project.module.project-factory.module.project_services.google_project_service_identity.project_service_identities",
            "module.seed_bootstrap.module.seed_project.module.project-factory.random_id.random_project_id_suffix"
          ]
        }
      ]
    },
    {
      "module": "module.seed_bootstrap",
      "mode": "managed",
      "type": "google_service_account_iam_member",
      "name": "org_admin_sa_impersonate_permissions",
      "provider": "provider[\"registry.terraform.io/hashicorp/google\"]",
      "instances": [
        {
          "index_key": 0,
          "schema_version": 0,
          "attributes": {
            "condition": [],
            "etag": "BwXsZn1ckFU=",
            "id": "projects/prj-b-seed-6a42/serviceAccounts/org-terraform@prj-b-seed-6a42.iam.gserviceaccount.com/roles/iam.serviceAccountTokenCreator/group:gcp-organization-admins@dranetechnologies.joonix.net",
            "member": "group:gcp-organization-admins@dranetechnologies.joonix.net",
            "role": "roles/iam.serviceAccountTokenCreator",
            "service_account_id": "projects/prj-b-seed-6a42/serviceAccounts/org-terraform@prj-b-seed-6a42.iam.gserviceaccount.com"
          },
          "sensitive_attributes": [],
          "private": "bnVsbA==",
          "dependencies": [
            "google_folder.bootstrap",
            "module.seed_bootstrap.google_folder_iam_member.tmp_project_creator",
            "module.seed_bootstrap.google_organization_iam_member.tmp_project_creator",
            "module.seed_bootstrap.google_service_account.org_terraform",
            "module.seed_bootstrap.module.seed_project.module.project-factory.google_compute_shared_vpc_host_project.shared_vpc_host",
            "module.seed_bootstrap.module.seed_project.module.project-factory.google_compute_shared_vpc_service_project.shared_vpc_attachment",
            "module.seed_bootstrap.module.seed_project.module.project-factory.google_project.main",
            "module.seed_bootstrap.module.seed_project.module.project-factory.module.project_services.data.google_compute_default_service_account.default",
            "module.seed_bootstrap.module.seed_project.module.project-factory.module.project_services.google_project_iam_member.project_service_identity_roles",
            "module.seed_bootstrap.module.seed_project.module.project-factory.module.project_services.google_project_service.project_services",
            "module.seed_bootstrap.module.seed_project.module.project-factory.module.project_services.google_project_service_identity.project_service_identities",
            "module.seed_bootstrap.module.seed_project.module.project-factory.random_id.random_project_id_suffix"
          ]
        }
      ]
    },
    {
      "module": "module.seed_bootstrap",
      "mode": "managed",
      "type": "google_service_account_iam_member",
      "name": "org_admin_sa_user",
      "provider": "provider[\"registry.terraform.io/hashicorp/google\"]",
      "instances": [
        {
          "index_key": 0,
          "schema_version": 0,
          "attributes": {
            "condition": [],
            "etag": "BwXsZn5SUBM=",
            "id": "projects/prj-b-seed-6a42/serviceAccounts/org-terraform@prj-b-seed-6a42.iam.gserviceaccount.com/roles/iam.serviceAccountUser/group:gcp-organization-admins@dranetechnologies.joonix.net",
            "member": "group:gcp-organization-admins@dranetechnologies.joonix.net",
            "role": "roles/iam.serviceAccountUser",
            "service_account_id": "projects/prj-b-seed-6a42/serviceAccounts/org-terraform@prj-b-seed-6a42.iam.gserviceaccount.com"
          },
          "sensitive_attributes": [],
          "private": "bnVsbA==",
          "dependencies": [
            "google_folder.bootstrap",
            "module.seed_bootstrap.google_folder_iam_member.tmp_project_creator",
            "module.seed_bootstrap.google_organization_iam_member.tmp_project_creator",
            "module.seed_bootstrap.google_service_account.org_terraform",
            "module.seed_bootstrap.module.seed_project.module.project-factory.google_compute_shared_vpc_host_project.shared_vpc_host",
            "module.seed_bootstrap.module.seed_project.module.project-factory.google_compute_shared_vpc_service_project.shared_vpc_attachment",
            "module.seed_bootstrap.module.seed_project.module.project-factory.google_project.main",
            "module.seed_bootstrap.module.seed_project.module.project-factory.module.project_services.data.google_compute_default_service_account.default",
            "module.seed_bootstrap.module.seed_project.module.project-factory.module.project_services.google_project_iam_member.project_service_identity_roles",
            "module.seed_bootstrap.module.seed_project.module.project-factory.module.project_services.google_project_service.project_services",
            "module.seed_bootstrap.module.seed_project.module.project-factory.module.project_services.google_project_service_identity.project_service_identities",
            "module.seed_bootstrap.module.seed_project.module.project-factory.random_id.random_project_id_suffix"
          ]
        }
      ]
    },
    {
      "module": "module.seed_bootstrap",
      "mode": "managed",
      "type": "google_storage_bucket",
      "name": "org_terraform_state",
      "provider": "provider[\"registry.terraform.io/hashicorp/google\"]",
      "instances": [
        {
          "schema_version": 0,
          "attributes": {
            "cors": [],
            "custom_placement_config": [],
            "default_event_based_hold": false,
            "encryption": [],
            "force_destroy": false,
            "id": "bkt-b-tfstate-8a99",
            "labels": null,
            "lifecycle_rule": [],
            "location": "ASIA-SOUTH2",
            "logging": [],
            "name": "bkt-b-tfstate-8a99",
            "project": "prj-b-seed-6a42",
            "public_access_prevention": "inherited",
            "requester_pays": false,
            "retention_policy": [],
            "self_link": "https://www.googleapis.com/storage/v1/b/bkt-b-tfstate-8a99",
            "storage_class": "STANDARD",
            "timeouts": null,
            "uniform_bucket_level_access": true,
            "url": "gs://bkt-b-tfstate-8a99",
            "versioning": [
              {
                "enabled": true
              }
            ],
            "website": []
          },
          "sensitive_attributes": [],
          "private": "eyJlMmJmYjczMC1lY2FhLTExZTYtOGY4OC0zNDM2M2JjN2M0YzAiOnsiY3JlYXRlIjoyNDAwMDAwMDAwMDAsInJlYWQiOjI0MDAwMDAwMDAwMCwidXBkYXRlIjoyNDAwMDAwMDAwMDB9fQ==",
          "dependencies": [
            "google_folder.bootstrap",
            "module.seed_bootstrap.google_folder_iam_member.tmp_project_creator",
            "module.seed_bootstrap.google_organization_iam_member.tmp_project_creator",
            "module.seed_bootstrap.module.kms.google_kms_crypto_key.key",
            "module.seed_bootstrap.module.kms.google_kms_crypto_key.key_ephemeral",
            "module.seed_bootstrap.module.kms.google_kms_crypto_key_iam_binding.decrypters",
            "module.seed_bootstrap.module.kms.google_kms_crypto_key_iam_binding.encrypters",
            "module.seed_bootstrap.module.kms.google_kms_crypto_key_iam_binding.owners",
            "module.seed_bootstrap.module.seed_project.module.project-factory.google_compute_shared_vpc_host_project.shared_vpc_host",
            "module.seed_bootstrap.module.seed_project.module.project-factory.google_compute_shared_vpc_service_project.shared_vpc_attachment",
            "module.seed_bootstrap.module.seed_project.module.project-factory.google_project.main",
            "module.seed_bootstrap.module.seed_project.module.project-factory.module.project_services.data.google_compute_default_service_account.default",
            "module.seed_bootstrap.module.seed_project.module.project-factory.module.project_services.google_project_iam_member.project_service_identity_roles",
            "module.seed_bootstrap.module.seed_project.module.project-factory.module.project_services.google_project_service.project_services",
            "module.seed_bootstrap.module.seed_project.module.project-factory.module.project_services.google_project_service_identity.project_service_identities",
            "module.seed_bootstrap.module.seed_project.module.project-factory.random_id.random_project_id_suffix",
            "module.seed_bootstrap.random_id.suffix"
          ]
        }
      ]
    },
    {
      "module": "module.seed_bootstrap",
      "mode": "managed",
      "type": "google_storage_bucket_iam_member",
      "name": "org_terraform_state_iam",
      "provider": "provider[\"registry.terraform.io/hashicorp/google\"]",
      "instances": [
        {
          "schema_version": 0,
          "attributes": {
            "bucket": "b/bkt-b-tfstate-8a99",
            "condition": [],
            "etag": "CAM=",
            "id": "b/bkt-b-tfstate-8a99/roles/storage.admin/serviceAccount:org-terraform@prj-b-seed-6a42.iam.gserviceaccount.com",
            "member": "serviceAccount:org-terraform@prj-b-seed-6a42.iam.gserviceaccount.com",
            "role": "roles/storage.admin"
          },
          "sensitive_attributes": [],
          "private": "bnVsbA==",
          "dependencies": [
            "google_folder.bootstrap",
            "module.seed_bootstrap.google_folder_iam_member.tmp_project_creator",
            "module.seed_bootstrap.google_organization_iam_member.tmp_project_creator",
            "module.seed_bootstrap.google_service_account.org_terraform",
            "module.seed_bootstrap.google_storage_bucket.org_terraform_state",
            "module.seed_bootstrap.module.kms.google_kms_crypto_key.key",
            "module.seed_bootstrap.module.kms.google_kms_crypto_key.key_ephemeral",
            "module.seed_bootstrap.module.kms.google_kms_crypto_key_iam_binding.decrypters",
            "module.seed_bootstrap.module.kms.google_kms_crypto_key_iam_binding.encrypters",
            "module.seed_bootstrap.module.kms.google_kms_crypto_key_iam_binding.owners",
            "module.seed_bootstrap.module.seed_project.module.project-factory.google_compute_shared_vpc_host_project.shared_vpc_host",
            "module.seed_bootstrap.module.seed_project.module.project-factory.google_compute_shared_vpc_service_project.shared_vpc_attachment",
            "module.seed_bootstrap.module.seed_project.module.project-factory.google_project.main",
            "module.seed_bootstrap.module.seed_project.module.project-factory.module.project_services.data.google_compute_default_service_account.default",
            "module.seed_bootstrap.module.seed_project.module.project-factory.module.project_services.google_project_iam_member.project_service_identity_roles",
            "module.seed_bootstrap.module.seed_project.module.project-factory.module.project_services.google_project_service.project_services",
            "module.seed_bootstrap.module.seed_project.module.project-factory.module.project_services.google_project_service_identity.project_service_identities",
            "module.seed_bootstrap.module.seed_project.module.project-factory.random_id.random_project_id_suffix",
            "module.seed_bootstrap.random_id.suffix"
          ]
        }
      ]
    },
    {
      "module": "module.seed_bootstrap",
      "mode": "managed",
      "type": "google_storage_bucket_iam_member",
      "name": "orgadmins_state_iam",
      "provider": "provider[\"registry.terraform.io/hashicorp/google\"]",
      "instances": [
        {
          "index_key": 0,
          "schema_version": 0,
          "attributes": {
            "bucket": "b/bkt-b-tfstate-8a99",
            "condition": [],
            "etag": "CAI=",
            "id": "b/bkt-b-tfstate-8a99/roles/storage.admin/group:gcp-organization-admins@dranetechnologies.joonix.net",
            "member": "group:gcp-organization-admins@dranetechnologies.joonix.net",
            "role": "roles/storage.admin"
          },
          "sensitive_attributes": [],
          "private": "bnVsbA==",
          "dependencies": [
            "google_folder.bootstrap",
            "module.seed_bootstrap.google_folder_iam_member.tmp_project_creator",
            "module.seed_bootstrap.google_organization_iam_member.tmp_project_creator",
            "module.seed_bootstrap.google_storage_bucket.org_terraform_state",
            "module.seed_bootstrap.module.kms.google_kms_crypto_key.key",
            "module.seed_bootstrap.module.kms.google_kms_crypto_key.key_ephemeral",
            "module.seed_bootstrap.module.kms.google_kms_crypto_key_iam_binding.decrypters",
            "module.seed_bootstrap.module.kms.google_kms_crypto_key_iam_binding.encrypters",
            "module.seed_bootstrap.module.kms.google_kms_crypto_key_iam_binding.owners",
            "module.seed_bootstrap.module.seed_project.module.project-factory.google_compute_shared_vpc_host_project.shared_vpc_host",
            "module.seed_bootstrap.module.seed_project.module.project-factory.google_compute_shared_vpc_service_project.shared_vpc_attachment",
            "module.seed_bootstrap.module.seed_project.module.project-factory.google_project.main",
            "module.seed_bootstrap.module.seed_project.module.project-factory.module.project_services.data.google_compute_default_service_account.default",
            "module.seed_bootstrap.module.seed_project.module.project-factory.module.project_services.google_project_iam_member.project_service_identity_roles",
            "module.seed_bootstrap.module.seed_project.module.project-factory.module.project_services.google_project_service.project_services",
            "module.seed_bootstrap.module.seed_project.module.project-factory.module.project_services.google_project_service_identity.project_service_identities",
            "module.seed_bootstrap.module.seed_project.module.project-factory.random_id.random_project_id_suffix",
            "module.seed_bootstrap.random_id.suffix"
          ]
        }
      ]
    },
    {
      "module": "module.seed_bootstrap",
      "mode": "managed",
      "type": "random_id",
      "name": "suffix",
      "provider": "provider[\"registry.terraform.io/hashicorp/random\"]",
      "instances": [
        {
          "schema_version": 0,
          "attributes": {
            "b64_std": "ipk=",
            "b64_url": "ipk",
            "byte_length": 2,
            "dec": "35481",
            "hex": "8a99",
            "id": "ipk",
            "keepers": null,
            "prefix": null
          },
          "sensitive_attributes": []
        }
      ]
    },
    {
      "module": "module.seed_bootstrap.module.enable_cross_project_service_account_usage",
      "mode": "managed",
      "type": "google_project_organization_policy",
      "name": "project_policy_boolean",
      "provider": "provider[\"registry.terraform.io/hashicorp/google\"]",
      "instances": [
        {
          "index_key": 0,
          "schema_version": 0,
          "attributes": {
            "boolean_policy": [
              {
                "enforced": false
              }
            ],
            "constraint": "constraints/iam.disableCrossProjectServiceAccountUsage",
            "etag": "COPzg5sGEPizrAM=",
            "id": "prj-b-seed-6a42:constraints/iam.disableCrossProjectServiceAccountUsage",
            "list_policy": [],
            "project": "prj-b-seed-6a42",
            "restore_policy": [],
            "timeouts": null,
            "update_time": "2022-11-01T10:50:11.007019Z",
            "version": 0
          },
          "sensitive_attributes": [],
          "private": "eyJlMmJmYjczMC1lY2FhLTExZTYtOGY4OC0zNDM2M2JjN2M0YzAiOnsiY3JlYXRlIjoyNDAwMDAwMDAwMDAsImRlbGV0ZSI6MjQwMDAwMDAwMDAwLCJyZWFkIjoyNDAwMDAwMDAwMDAsInVwZGF0ZSI6MjQwMDAwMDAwMDAwfX0=",
          "dependencies": [
            "google_folder.bootstrap",
            "module.seed_bootstrap.google_folder_iam_member.tmp_project_creator",
            "module.seed_bootstrap.google_organization_iam_member.tmp_project_creator",
            "module.seed_bootstrap.module.seed_project.module.project-factory.google_compute_shared_vpc_host_project.shared_vpc_host",
            "module.seed_bootstrap.module.seed_project.module.project-factory.google_compute_shared_vpc_service_project.shared_vpc_attachment",
            "module.seed_bootstrap.module.seed_project.module.project-factory.google_project.main",
            "module.seed_bootstrap.module.seed_project.module.project-factory.module.project_services.data.google_compute_default_service_account.default",
            "module.seed_bootstrap.module.seed_project.module.project-factory.module.project_services.google_project_iam_member.project_service_identity_roles",
            "module.seed_bootstrap.module.seed_project.module.project-factory.module.project_services.google_project_service.project_services",
            "module.seed_bootstrap.module.seed_project.module.project-factory.module.project_services.google_project_service_identity.project_service_identities",
            "module.seed_bootstrap.module.seed_project.module.project-factory.random_id.random_project_id_suffix"
          ]
        }
      ]
    },
    {
      "module": "module.seed_bootstrap.module.seed_project.module.budget",
      "mode": "data",
      "type": "google_project",
      "name": "project",
      "provider": "provider[\"registry.terraform.io/hashicorp/google\"]",
      "instances": [
        {
          "index_key": 0,
          "schema_version": 0,
          "attributes": {
            "auto_create_network": null,
            "billing_account": "01A249-F32C36-5D52F9",
            "folder_id": "742403897167",
            "id": "projects/prj-b-seed-6a42",
            "labels": {
              "application_name": "seed-bootstrap",
              "billing_code": "1234",
              "business_code": "abcd",
              "env_code": "b",
              "environment": "bootstrap",
              "primary_contact": "example1",
              "secondary_contact": "example2"
            },
            "name": "prj-b-seed",
            "number": "796273317105",
            "org_id": "",
            "project_id": "prj-b-seed-6a42",
            "skip_delete": null
          },
          "sensitive_attributes": []
        }
      ]
    },
    {
      "module": "module.seed_bootstrap.module.seed_project.module.project-factory",
      "mode": "managed",
      "type": "google_project",
      "name": "main",
      "provider": "provider[\"registry.terraform.io/hashicorp/google\"]",
      "instances": [
        {
          "schema_version": 1,
          "attributes": {
            "auto_create_network": false,
            "billing_account": "01A249-F32C36-5D52F9",
            "folder_id": "742403897167",
            "id": "projects/prj-b-seed-6a42",
            "labels": {
              "application_name": "seed-bootstrap",
              "billing_code": "1234",
              "business_code": "abcd",
              "env_code": "b",
              "environment": "bootstrap",
              "primary_contact": "example1",
              "secondary_contact": "example2"
            },
            "name": "prj-b-seed",
            "number": "796273317105",
            "org_id": "",
            "project_id": "prj-b-seed-6a42",
            "skip_delete": null,
            "timeouts": null
          },
          "sensitive_attributes": [],
          "private": "eyJlMmJmYjczMC1lY2FhLTExZTYtOGY4OC0zNDM2M2JjN2M0YzAiOnsiY3JlYXRlIjo2MDAwMDAwMDAwMDAsImRlbGV0ZSI6NjAwMDAwMDAwMDAwLCJyZWFkIjo2MDAwMDAwMDAwMDAsInVwZGF0ZSI6NjAwMDAwMDAwMDAwfSwic2NoZW1hX3ZlcnNpb24iOiIxIn0=",
          "dependencies": [
            "google_folder.bootstrap",
            "module.seed_bootstrap.google_folder_iam_member.tmp_project_creator",
            "module.seed_bootstrap.google_organization_iam_member.tmp_project_creator",
            "module.seed_bootstrap.module.seed_project.module.project-factory.random_id.random_project_id_suffix"
          ]
        }
      ]
    },
    {
      "module": "module.seed_bootstrap.module.seed_project.module.project-factory",
      "mode": "managed",
      "type": "google_project_default_service_accounts",
      "name": "default_service_accounts",
      "provider": "provider[\"registry.terraform.io/hashicorp/google\"]",
      "instances": [
        {
          "index_key": 0,
          "schema_version": 0,
          "attributes": {
            "action": "DISABLE",
            "id": "projects/prj-b-seed-6a42",
            "project": "prj-b-seed-6a42",
            "restore_policy": "REVERT_AND_IGNORE_FAILURE",
            "service_accounts": {
              "105473836051934239653": "796273317105-compute@developer.gserviceaccount.com"
            },
            "timeouts": null
          },
          "sensitive_attributes": [],
          "private": "eyJlMmJmYjczMC1lY2FhLTExZTYtOGY4OC0zNDM2M2JjN2M0YzAiOnsiY3JlYXRlIjo2MDAwMDAwMDAwMDAsImRlbGV0ZSI6NjAwMDAwMDAwMDAwLCJyZWFkIjo2MDAwMDAwMDAwMDB9fQ==",
          "dependencies": [
            "google_folder.bootstrap",
            "module.seed_bootstrap.google_folder_iam_member.tmp_project_creator",
            "module.seed_bootstrap.google_organization_iam_member.tmp_project_creator",
            "module.seed_bootstrap.module.seed_project.module.project-factory.google_project.main",
            "module.seed_bootstrap.module.seed_project.module.project-factory.module.project_services.data.google_compute_default_service_account.default",
            "module.seed_bootstrap.module.seed_project.module.project-factory.module.project_services.google_project_iam_member.project_service_identity_roles",
            "module.seed_bootstrap.module.seed_project.module.project-factory.module.project_services.google_project_service.project_services",
            "module.seed_bootstrap.module.seed_project.module.project-factory.module.project_services.google_project_service_identity.project_service_identities",
            "module.seed_bootstrap.module.seed_project.module.project-factory.random_id.random_project_id_suffix"
          ]
        }
      ]
    },
    {
      "module": "module.seed_bootstrap.module.seed_project.module.project-factory",
      "mode": "managed",
      "type": "google_resource_manager_lien",
      "name": "lien",
      "provider": "provider[\"registry.terraform.io/hashicorp/google\"]",
      "instances": [
        {
          "index_key": 0,
          "schema_version": 0,
          "attributes": {
            "create_time": "2022-11-01T10:49:09.525697Z",
            "id": "p796273317105-l7c33a98a-06f3-4f4f-8486-599284e60307",
            "name": "p796273317105-l7c33a98a-06f3-4f4f-8486-599284e60307",
            "origin": "project-factory",
            "parent": "projects/796273317105",
            "reason": "Project Factory lien",
            "restrictions": [
              "resourcemanager.projects.delete"
            ],
            "timeouts": null
          },
          "sensitive_attributes": [],
          "private": "eyJlMmJmYjczMC1lY2FhLTExZTYtOGY4OC0zNDM2M2JjN2M0YzAiOnsiY3JlYXRlIjoxMjAwMDAwMDAwMDAwLCJkZWxldGUiOjEyMDAwMDAwMDAwMDB9fQ==",
          "dependencies": [
            "google_folder.bootstrap",
            "module.seed_bootstrap.google_folder_iam_member.tmp_project_creator",
            "module.seed_bootstrap.google_organization_iam_member.tmp_project_creator",
            "module.seed_bootstrap.module.seed_project.module.project-factory.google_project.main",
            "module.seed_bootstrap.module.seed_project.module.project-factory.random_id.random_project_id_suffix"
          ]
        }
      ]
    },
    {
      "module": "module.seed_bootstrap.module.seed_project.module.project-factory",
      "mode": "managed",
      "type": "random_id",
      "name": "random_project_id_suffix",
      "provider": "provider[\"registry.terraform.io/hashicorp/random\"]",
      "instances": [
        {
          "schema_version": 0,
          "attributes": {
            "b64_std": "akI=",
            "b64_url": "akI",
            "byte_length": 2,
            "dec": "27202",
            "hex": "6a42",
            "id": "akI",
            "keepers": null,
            "prefix": null
          },
          "sensitive_attributes": []
        }
      ]
    },
    {
      "module": "module.seed_bootstrap.module.seed_project.module.project-factory.module.project_services",
      "mode": "managed",
      "type": "google_project_service",
      "name": "project_services",
      "provider": "provider[\"registry.terraform.io/hashicorp/google\"]",
      "instances": [
        {
          "index_key": "accesscontextmanager.googleapis.com",
          "schema_version": 0,
          "attributes": {
            "disable_dependent_services": true,
            "disable_on_destroy": true,
            "id": "prj-b-seed-6a42/accesscontextmanager.googleapis.com",
            "project": "prj-b-seed-6a42",
            "service": "accesscontextmanager.googleapis.com",
            "timeouts": null
          },
          "sensitive_attributes": [],
          "private": "eyJlMmJmYjczMC1lY2FhLTExZTYtOGY4OC0zNDM2M2JjN2M0YzAiOnsiY3JlYXRlIjoxMjAwMDAwMDAwMDAwLCJkZWxldGUiOjEyMDAwMDAwMDAwMDAsInJlYWQiOjYwMDAwMDAwMDAwMCwidXBkYXRlIjoxMjAwMDAwMDAwMDAwfX0=",
          "dependencies": [
            "google_folder.bootstrap",
            "module.seed_bootstrap.google_folder_iam_member.tmp_project_creator",
            "module.seed_bootstrap.google_organization_iam_member.tmp_project_creator",
            "module.seed_bootstrap.module.seed_project.module.project-factory.google_project.main",
            "module.seed_bootstrap.module.seed_project.module.project-factory.random_id.random_project_id_suffix"
          ]
        },
        {
          "index_key": "admin.googleapis.com",
          "schema_version": 0,
          "attributes": {
            "disable_dependent_services": true,
            "disable_on_destroy": true,
            "id": "prj-b-seed-6a42/admin.googleapis.com",
            "project": "prj-b-seed-6a42",
            "service": "admin.googleapis.com",
            "timeouts": null
          },
          "sensitive_attributes": [],
          "private": "eyJlMmJmYjczMC1lY2FhLTExZTYtOGY4OC0zNDM2M2JjN2M0YzAiOnsiY3JlYXRlIjoxMjAwMDAwMDAwMDAwLCJkZWxldGUiOjEyMDAwMDAwMDAwMDAsInJlYWQiOjYwMDAwMDAwMDAwMCwidXBkYXRlIjoxMjAwMDAwMDAwMDAwfX0=",
          "dependencies": [
            "google_folder.bootstrap",
            "module.seed_bootstrap.google_folder_iam_member.tmp_project_creator",
            "module.seed_bootstrap.google_organization_iam_member.tmp_project_creator",
            "module.seed_bootstrap.module.seed_project.module.project-factory.google_project.main",
            "module.seed_bootstrap.module.seed_project.module.project-factory.random_id.random_project_id_suffix"
          ]
        },
        {
          "index_key": "appengine.googleapis.com",
          "schema_version": 0,
          "attributes": {
            "disable_dependent_services": true,
            "disable_on_destroy": true,
            "id": "prj-b-seed-6a42/appengine.googleapis.com",
            "project": "prj-b-seed-6a42",
            "service": "appengine.googleapis.com",
            "timeouts": null
          },
          "sensitive_attributes": [],
          "private": "eyJlMmJmYjczMC1lY2FhLTExZTYtOGY4OC0zNDM2M2JjN2M0YzAiOnsiY3JlYXRlIjoxMjAwMDAwMDAwMDAwLCJkZWxldGUiOjEyMDAwMDAwMDAwMDAsInJlYWQiOjYwMDAwMDAwMDAwMCwidXBkYXRlIjoxMjAwMDAwMDAwMDAwfX0=",
          "dependencies": [
            "google_folder.bootstrap",
            "module.seed_bootstrap.google_folder_iam_member.tmp_project_creator",
            "module.seed_bootstrap.google_organization_iam_member.tmp_project_creator",
            "module.seed_bootstrap.module.seed_project.module.project-factory.google_project.main",
            "module.seed_bootstrap.module.seed_project.module.project-factory.random_id.random_project_id_suffix"
          ]
        },
        {
          "index_key": "bigquery.googleapis.com",
          "schema_version": 0,
          "attributes": {
            "disable_dependent_services": true,
            "disable_on_destroy": true,
            "id": "prj-b-seed-6a42/bigquery.googleapis.com",
            "project": "prj-b-seed-6a42",
            "service": "bigquery.googleapis.com",
            "timeouts": null
          },
          "sensitive_attributes": [],
          "private": "eyJlMmJmYjczMC1lY2FhLTExZTYtOGY4OC0zNDM2M2JjN2M0YzAiOnsiY3JlYXRlIjoxMjAwMDAwMDAwMDAwLCJkZWxldGUiOjEyMDAwMDAwMDAwMDAsInJlYWQiOjYwMDAwMDAwMDAwMCwidXBkYXRlIjoxMjAwMDAwMDAwMDAwfX0=",
          "dependencies": [
            "google_folder.bootstrap",
            "module.seed_bootstrap.google_folder_iam_member.tmp_project_creator",
            "module.seed_bootstrap.google_organization_iam_member.tmp_project_creator",
            "module.seed_bootstrap.module.seed_project.module.project-factory.google_project.main",
            "module.seed_bootstrap.module.seed_project.module.project-factory.random_id.random_project_id_suffix"
          ]
        },
        {
          "index_key": "billingbudgets.googleapis.com",
          "schema_version": 0,
          "attributes": {
            "disable_dependent_services": true,
            "disable_on_destroy": true,
            "id": "prj-b-seed-6a42/billingbudgets.googleapis.com",
            "project": "prj-b-seed-6a42",
            "service": "billingbudgets.googleapis.com",
            "timeouts": null
          },
          "sensitive_attributes": [],
          "private": "eyJlMmJmYjczMC1lY2FhLTExZTYtOGY4OC0zNDM2M2JjN2M0YzAiOnsiY3JlYXRlIjoxMjAwMDAwMDAwMDAwLCJkZWxldGUiOjEyMDAwMDAwMDAwMDAsInJlYWQiOjYwMDAwMDAwMDAwMCwidXBkYXRlIjoxMjAwMDAwMDAwMDAwfX0=",
          "dependencies": [
            "google_folder.bootstrap",
            "module.seed_bootstrap.google_folder_iam_member.tmp_project_creator",
            "module.seed_bootstrap.google_organization_iam_member.tmp_project_creator",
            "module.seed_bootstrap.module.seed_project.module.project-factory.google_project.main",
            "module.seed_bootstrap.module.seed_project.module.project-factory.random_id.random_project_id_suffix"
          ]
        },
        {
          "index_key": "cloudbilling.googleapis.com",
          "schema_version": 0,
          "attributes": {
            "disable_dependent_services": true,
            "disable_on_destroy": true,
            "id": "prj-b-seed-6a42/cloudbilling.googleapis.com",
            "project": "prj-b-seed-6a42",
            "service": "cloudbilling.googleapis.com",
            "timeouts": null
          },
          "sensitive_attributes": [],
          "private": "eyJlMmJmYjczMC1lY2FhLTExZTYtOGY4OC0zNDM2M2JjN2M0YzAiOnsiY3JlYXRlIjoxMjAwMDAwMDAwMDAwLCJkZWxldGUiOjEyMDAwMDAwMDAwMDAsInJlYWQiOjYwMDAwMDAwMDAwMCwidXBkYXRlIjoxMjAwMDAwMDAwMDAwfX0=",
          "dependencies": [
            "google_folder.bootstrap",
            "module.seed_bootstrap.google_folder_iam_member.tmp_project_creator",
            "module.seed_bootstrap.google_organization_iam_member.tmp_project_creator",
            "module.seed_bootstrap.module.seed_project.module.project-factory.google_project.main",
            "module.seed_bootstrap.module.seed_project.module.project-factory.random_id.random_project_id_suffix"
          ]
        },
        {
          "index_key": "cloudbuild.googleapis.com",
          "schema_version": 0,
          "attributes": {
            "disable_dependent_services": true,
            "disable_on_destroy": true,
            "id": "prj-b-seed-6a42/cloudbuild.googleapis.com",
            "project": "prj-b-seed-6a42",
            "service": "cloudbuild.googleapis.com",
            "timeouts": null
          },
          "sensitive_attributes": [],
          "private": "eyJlMmJmYjczMC1lY2FhLTExZTYtOGY4OC0zNDM2M2JjN2M0YzAiOnsiY3JlYXRlIjoxMjAwMDAwMDAwMDAwLCJkZWxldGUiOjEyMDAwMDAwMDAwMDAsInJlYWQiOjYwMDAwMDAwMDAwMCwidXBkYXRlIjoxMjAwMDAwMDAwMDAwfX0=",
          "dependencies": [
            "google_folder.bootstrap",
            "module.seed_bootstrap.google_folder_iam_member.tmp_project_creator",
            "module.seed_bootstrap.google_organization_iam_member.tmp_project_creator",
            "module.seed_bootstrap.module.seed_project.module.project-factory.google_project.main",
            "module.seed_bootstrap.module.seed_project.module.project-factory.random_id.random_project_id_suffix"
          ]
        },
        {
          "index_key": "cloudkms.googleapis.com",
          "schema_version": 0,
          "attributes": {
            "disable_dependent_services": true,
            "disable_on_destroy": true,
            "id": "prj-b-seed-6a42/cloudkms.googleapis.com",
            "project": "prj-b-seed-6a42",
            "service": "cloudkms.googleapis.com",
            "timeouts": null
          },
          "sensitive_attributes": [],
          "private": "eyJlMmJmYjczMC1lY2FhLTExZTYtOGY4OC0zNDM2M2JjN2M0YzAiOnsiY3JlYXRlIjoxMjAwMDAwMDAwMDAwLCJkZWxldGUiOjEyMDAwMDAwMDAwMDAsInJlYWQiOjYwMDAwMDAwMDAwMCwidXBkYXRlIjoxMjAwMDAwMDAwMDAwfX0=",
          "dependencies": [
            "google_folder.bootstrap",
            "module.seed_bootstrap.google_folder_iam_member.tmp_project_creator",
            "module.seed_bootstrap.google_organization_iam_member.tmp_project_creator",
            "module.seed_bootstrap.module.seed_project.module.project-factory.google_project.main",
            "module.seed_bootstrap.module.seed_project.module.project-factory.random_id.random_project_id_suffix"
          ]
        },
        {
          "index_key": "cloudresourcemanager.googleapis.com",
          "schema_version": 0,
          "attributes": {
            "disable_dependent_services": true,
            "disable_on_destroy": true,
            "id": "prj-b-seed-6a42/cloudresourcemanager.googleapis.com",
            "project": "prj-b-seed-6a42",
            "service": "cloudresourcemanager.googleapis.com",
            "timeouts": null
          },
          "sensitive_attributes": [],
          "private": "eyJlMmJmYjczMC1lY2FhLTExZTYtOGY4OC0zNDM2M2JjN2M0YzAiOnsiY3JlYXRlIjoxMjAwMDAwMDAwMDAwLCJkZWxldGUiOjEyMDAwMDAwMDAwMDAsInJlYWQiOjYwMDAwMDAwMDAwMCwidXBkYXRlIjoxMjAwMDAwMDAwMDAwfX0=",
          "dependencies": [
            "google_folder.bootstrap",
            "module.seed_bootstrap.google_folder_iam_member.tmp_project_creator",
            "module.seed_bootstrap.google_organization_iam_member.tmp_project_creator",
            "module.seed_bootstrap.module.seed_project.module.project-factory.google_project.main",
            "module.seed_bootstrap.module.seed_project.module.project-factory.random_id.random_project_id_suffix"
          ]
        },
        {
          "index_key": "compute.googleapis.com",
          "schema_version": 0,
          "attributes": {
            "disable_dependent_services": true,
            "disable_on_destroy": true,
            "id": "prj-b-seed-6a42/compute.googleapis.com",
            "project": "prj-b-seed-6a42",
            "service": "compute.googleapis.com",
            "timeouts": null
          },
          "sensitive_attributes": [],
          "private": "eyJlMmJmYjczMC1lY2FhLTExZTYtOGY4OC0zNDM2M2JjN2M0YzAiOnsiY3JlYXRlIjoxMjAwMDAwMDAwMDAwLCJkZWxldGUiOjEyMDAwMDAwMDAwMDAsInJlYWQiOjYwMDAwMDAwMDAwMCwidXBkYXRlIjoxMjAwMDAwMDAwMDAwfX0=",
          "dependencies": [
            "google_folder.bootstrap",
            "module.seed_bootstrap.google_folder_iam_member.tmp_project_creator",
            "module.seed_bootstrap.google_organization_iam_member.tmp_project_creator",
            "module.seed_bootstrap.module.seed_project.module.project-factory.google_project.main",
            "module.seed_bootstrap.module.seed_project.module.project-factory.random_id.random_project_id_suffix"
          ]
        },
        {
          "index_key": "iam.googleapis.com",
          "schema_version": 0,
          "attributes": {
            "disable_dependent_services": true,
            "disable_on_destroy": true,
            "id": "prj-b-seed-6a42/iam.googleapis.com",
            "project": "prj-b-seed-6a42",
            "service": "iam.googleapis.com",
            "timeouts": null
          },
          "sensitive_attributes": [],
          "private": "eyJlMmJmYjczMC1lY2FhLTExZTYtOGY4OC0zNDM2M2JjN2M0YzAiOnsiY3JlYXRlIjoxMjAwMDAwMDAwMDAwLCJkZWxldGUiOjEyMDAwMDAwMDAwMDAsInJlYWQiOjYwMDAwMDAwMDAwMCwidXBkYXRlIjoxMjAwMDAwMDAwMDAwfX0=",
          "dependencies": [
            "google_folder.bootstrap",
            "module.seed_bootstrap.google_folder_iam_member.tmp_project_creator",
            "module.seed_bootstrap.google_organization_iam_member.tmp_project_creator",
            "module.seed_bootstrap.module.seed_project.module.project-factory.google_project.main",
            "module.seed_bootstrap.module.seed_project.module.project-factory.random_id.random_project_id_suffix"
          ]
        },
        {
          "index_key": "iamcredentials.googleapis.com",
          "schema_version": 0,
          "attributes": {
            "disable_dependent_services": true,
            "disable_on_destroy": true,
            "id": "prj-b-seed-6a42/iamcredentials.googleapis.com",
            "project": "prj-b-seed-6a42",
            "service": "iamcredentials.googleapis.com",
            "timeouts": null
          },
          "sensitive_attributes": [],
          "private": "eyJlMmJmYjczMC1lY2FhLTExZTYtOGY4OC0zNDM2M2JjN2M0YzAiOnsiY3JlYXRlIjoxMjAwMDAwMDAwMDAwLCJkZWxldGUiOjEyMDAwMDAwMDAwMDAsInJlYWQiOjYwMDAwMDAwMDAwMCwidXBkYXRlIjoxMjAwMDAwMDAwMDAwfX0=",
          "dependencies": [
            "google_folder.bootstrap",
            "module.seed_bootstrap.google_folder_iam_member.tmp_project_creator",
            "module.seed_bootstrap.google_organization_iam_member.tmp_project_creator",
            "module.seed_bootstrap.module.seed_project.module.project-factory.google_project.main",
            "module.seed_bootstrap.module.seed_project.module.project-factory.random_id.random_project_id_suffix"
          ]
        },
        {
          "index_key": "logging.googleapis.com",
          "schema_version": 0,
          "attributes": {
            "disable_dependent_services": true,
            "disable_on_destroy": true,
            "id": "prj-b-seed-6a42/logging.googleapis.com",
            "project": "prj-b-seed-6a42",
            "service": "logging.googleapis.com",
            "timeouts": null
          },
          "sensitive_attributes": [],
          "private": "eyJlMmJmYjczMC1lY2FhLTExZTYtOGY4OC0zNDM2M2JjN2M0YzAiOnsiY3JlYXRlIjoxMjAwMDAwMDAwMDAwLCJkZWxldGUiOjEyMDAwMDAwMDAwMDAsInJlYWQiOjYwMDAwMDAwMDAwMCwidXBkYXRlIjoxMjAwMDAwMDAwMDAwfX0=",
          "dependencies": [
            "google_folder.bootstrap",
            "module.seed_bootstrap.google_folder_iam_member.tmp_project_creator",
            "module.seed_bootstrap.google_organization_iam_member.tmp_project_creator",
            "module.seed_bootstrap.module.seed_project.module.project-factory.google_project.main",
            "module.seed_bootstrap.module.seed_project.module.project-factory.random_id.random_project_id_suffix"
          ]
        },
        {
          "index_key": "monitoring.googleapis.com",
          "schema_version": 0,
          "attributes": {
            "disable_dependent_services": true,
            "disable_on_destroy": true,
            "id": "prj-b-seed-6a42/monitoring.googleapis.com",
            "project": "prj-b-seed-6a42",
            "service": "monitoring.googleapis.com",
            "timeouts": null
          },
          "sensitive_attributes": [],
          "private": "eyJlMmJmYjczMC1lY2FhLTExZTYtOGY4OC0zNDM2M2JjN2M0YzAiOnsiY3JlYXRlIjoxMjAwMDAwMDAwMDAwLCJkZWxldGUiOjEyMDAwMDAwMDAwMDAsInJlYWQiOjYwMDAwMDAwMDAwMCwidXBkYXRlIjoxMjAwMDAwMDAwMDAwfX0=",
          "dependencies": [
            "google_folder.bootstrap",
            "module.seed_bootstrap.google_folder_iam_member.tmp_project_creator",
            "module.seed_bootstrap.google_organization_iam_member.tmp_project_creator",
            "module.seed_bootstrap.module.seed_project.module.project-factory.google_project.main",
            "module.seed_bootstrap.module.seed_project.module.project-factory.random_id.random_project_id_suffix"
          ]
        },
        {
          "index_key": "pubsub.googleapis.com",
          "schema_version": 0,
          "attributes": {
            "disable_dependent_services": true,
            "disable_on_destroy": true,
            "id": "prj-b-seed-6a42/pubsub.googleapis.com",
            "project": "prj-b-seed-6a42",
            "service": "pubsub.googleapis.com",
            "timeouts": null
          },
          "sensitive_attributes": [],
          "private": "eyJlMmJmYjczMC1lY2FhLTExZTYtOGY4OC0zNDM2M2JjN2M0YzAiOnsiY3JlYXRlIjoxMjAwMDAwMDAwMDAwLCJkZWxldGUiOjEyMDAwMDAwMDAwMDAsInJlYWQiOjYwMDAwMDAwMDAwMCwidXBkYXRlIjoxMjAwMDAwMDAwMDAwfX0=",
          "dependencies": [
            "google_folder.bootstrap",
            "module.seed_bootstrap.google_folder_iam_member.tmp_project_creator",
            "module.seed_bootstrap.google_organization_iam_member.tmp_project_creator",
            "module.seed_bootstrap.module.seed_project.module.project-factory.google_project.main",
            "module.seed_bootstrap.module.seed_project.module.project-factory.random_id.random_project_id_suffix"
          ]
        },
        {
          "index_key": "securitycenter.googleapis.com",
          "schema_version": 0,
          "attributes": {
            "disable_dependent_services": true,
            "disable_on_destroy": true,
            "id": "prj-b-seed-6a42/securitycenter.googleapis.com",
            "project": "prj-b-seed-6a42",
            "service": "securitycenter.googleapis.com",
            "timeouts": null
          },
          "sensitive_attributes": [],
          "private": "eyJlMmJmYjczMC1lY2FhLTExZTYtOGY4OC0zNDM2M2JjN2M0YzAiOnsiY3JlYXRlIjoxMjAwMDAwMDAwMDAwLCJkZWxldGUiOjEyMDAwMDAwMDAwMDAsInJlYWQiOjYwMDAwMDAwMDAwMCwidXBkYXRlIjoxMjAwMDAwMDAwMDAwfX0=",
          "dependencies": [
            "google_folder.bootstrap",
            "module.seed_bootstrap.google_folder_iam_member.tmp_project_creator",
            "module.seed_bootstrap.google_organization_iam_member.tmp_project_creator",
            "module.seed_bootstrap.module.seed_project.module.project-factory.google_project.main",
            "module.seed_bootstrap.module.seed_project.module.project-factory.random_id.random_project_id_suffix"
          ]
        },
        {
          "index_key": "servicenetworking.googleapis.com",
          "schema_version": 0,
          "attributes": {
            "disable_dependent_services": true,
            "disable_on_destroy": true,
            "id": "prj-b-seed-6a42/servicenetworking.googleapis.com",
            "project": "prj-b-seed-6a42",
            "service": "servicenetworking.googleapis.com",
            "timeouts": null
          },
          "sensitive_attributes": [],
          "private": "eyJlMmJmYjczMC1lY2FhLTExZTYtOGY4OC0zNDM2M2JjN2M0YzAiOnsiY3JlYXRlIjoxMjAwMDAwMDAwMDAwLCJkZWxldGUiOjEyMDAwMDAwMDAwMDAsInJlYWQiOjYwMDAwMDAwMDAwMCwidXBkYXRlIjoxMjAwMDAwMDAwMDAwfX0=",
          "dependencies": [
            "google_folder.bootstrap",
            "module.seed_bootstrap.google_folder_iam_member.tmp_project_creator",
            "module.seed_bootstrap.google_organization_iam_member.tmp_project_creator",
            "module.seed_bootstrap.module.seed_project.module.project-factory.google_project.main",
            "module.seed_bootstrap.module.seed_project.module.project-factory.random_id.random_project_id_suffix"
          ]
        },
        {
          "index_key": "serviceusage.googleapis.com",
          "schema_version": 0,
          "attributes": {
            "disable_dependent_services": true,
            "disable_on_destroy": true,
            "id": "prj-b-seed-6a42/serviceusage.googleapis.com",
            "project": "prj-b-seed-6a42",
            "service": "serviceusage.googleapis.com",
            "timeouts": null
          },
          "sensitive_attributes": [],
          "private": "eyJlMmJmYjczMC1lY2FhLTExZTYtOGY4OC0zNDM2M2JjN2M0YzAiOnsiY3JlYXRlIjoxMjAwMDAwMDAwMDAwLCJkZWxldGUiOjEyMDAwMDAwMDAwMDAsInJlYWQiOjYwMDAwMDAwMDAwMCwidXBkYXRlIjoxMjAwMDAwMDAwMDAwfX0=",
          "dependencies": [
            "google_folder.bootstrap",
            "module.seed_bootstrap.google_folder_iam_member.tmp_project_creator",
            "module.seed_bootstrap.google_organization_iam_member.tmp_project_creator",
            "module.seed_bootstrap.module.seed_project.module.project-factory.google_project.main",
            "module.seed_bootstrap.module.seed_project.module.project-factory.random_id.random_project_id_suffix"
          ]
        },
        {
          "index_key": "storage-api.googleapis.com",
          "schema_version": 0,
          "attributes": {
            "disable_dependent_services": true,
            "disable_on_destroy": true,
            "id": "prj-b-seed-6a42/storage-api.googleapis.com",
            "project": "prj-b-seed-6a42",
            "service": "storage-api.googleapis.com",
            "timeouts": null
          },
          "sensitive_attributes": [],
          "private": "eyJlMmJmYjczMC1lY2FhLTExZTYtOGY4OC0zNDM2M2JjN2M0YzAiOnsiY3JlYXRlIjoxMjAwMDAwMDAwMDAwLCJkZWxldGUiOjEyMDAwMDAwMDAwMDAsInJlYWQiOjYwMDAwMDAwMDAwMCwidXBkYXRlIjoxMjAwMDAwMDAwMDAwfX0=",
          "dependencies": [
            "google_folder.bootstrap",
            "module.seed_bootstrap.google_folder_iam_member.tmp_project_creator",
            "module.seed_bootstrap.google_organization_iam_member.tmp_project_creator",
            "module.seed_bootstrap.module.seed_project.module.project-factory.google_project.main",
            "module.seed_bootstrap.module.seed_project.module.project-factory.random_id.random_project_id_suffix"
          ]
        }
      ]
    }
  ],
  "check_results": []
}
